// !$*UTF8*$!
{
	archiveVersion = 1;
	classes = {
	};
	objectVersion = 51;
	objects = {

/* Begin PBXBuildFile section */
		12CA706153C57422E4B8EF90 /* Pods_Strafen.framework in Frameworks */ = {isa = PBXBuildFile; fileRef = 9649B8989B474FB66F6D5A13 /* Pods_Strafen.framework */; };
		B01E96AF2641AEF60034E3D1 /* StrafenApp.swift in Sources */ = {isa = PBXBuildFile; fileRef = B01E96AE2641AEF60034E3D1 /* StrafenApp.swift */; };
		B01E96B12641AEF60034E3D1 /* ContentView.swift in Sources */ = {isa = PBXBuildFile; fileRef = B01E96B02641AEF60034E3D1 /* ContentView.swift */; };
		B01E96B32641AEF80034E3D1 /* Assets.xcassets in Resources */ = {isa = PBXBuildFile; fileRef = B01E96B22641AEF80034E3D1 /* Assets.xcassets */; };
		B01E96B62641AEF80034E3D1 /* Preview Assets.xcassets in Resources */ = {isa = PBXBuildFile; fileRef = B01E96B52641AEF80034E3D1 /* Preview Assets.xcassets */; };
		B021DF3F264918E400FD418F /* BackgroundWave.swift in Sources */ = {isa = PBXBuildFile; fileRef = B021DF3E264918E400FD418F /* BackgroundWave.swift */; };
		B021DF43264920EA00FD418F /* LoginEntryView.swift in Sources */ = {isa = PBXBuildFile; fileRef = B021DF42264920EA00FD418F /* LoginEntryView.swift */; };
		B02221A72641BEFC0005295B /* Tagged.swift in Sources */ = {isa = PBXBuildFile; fileRef = B02221A62641BEFC0005295B /* Tagged.swift */; };
		B02221A92641D4FE0005295B /* FirebaseDecoder.swift in Sources */ = {isa = PBXBuildFile; fileRef = B02221A82641D4FE0005295B /* FirebaseDecoder.swift */; };
		B02221AC2641D5570005295B /* FirebasePerson.swift in Sources */ = {isa = PBXBuildFile; fileRef = B02221AB2641D5570005295B /* FirebasePerson.swift */; };
		B02221AE2641D6850005295B /* PersonName.swift in Sources */ = {isa = PBXBuildFile; fileRef = B02221AD2641D6850005295B /* PersonName.swift */; };
		B02221B02641D73C0005295B /* FirebaseListType.swift in Sources */ = {isa = PBXBuildFile; fileRef = B02221AF2641D73C0005295B /* FirebaseListType.swift */; };
		B0254E082641B6130083752B /* GoogleService-Info.plist in Resources */ = {isa = PBXBuildFile; fileRef = B0254E072641B6130083752B /* GoogleService-Info.plist */; };
		B0311305264427EB00E65025 /* FirebaseObserverTests.swift in Sources */ = {isa = PBXBuildFile; fileRef = B0311304264427EB00E65025 /* FirebaseObserverTests.swift */; };
		B0447C1A2641B78100148430 /* AppDelegate.swift in Sources */ = {isa = PBXBuildFile; fileRef = B0447C192641B78100148430 /* AppDelegate.swift */; };
		B0447C1D2641B84600148430 /* Extensions+Other.swift in Sources */ = {isa = PBXBuildFile; fileRef = B0447C1C2641B84600148430 /* Extensions+Other.swift */; };
		B0447C202641BAFE00148430 /* FirebaseFetcher.swift in Sources */ = {isa = PBXBuildFile; fileRef = B0447C1F2641BAFE00148430 /* FirebaseFetcher.swift */; };
		B066A2BF26492E2700AB2715 /* SignInView.swift in Sources */ = {isa = PBXBuildFile; fileRef = B066A2BE26492E2700AB2715 /* SignInView.swift */; };
		B072080C264C56E40084FDE6 /* ValidationResult.swift in Sources */ = {isa = PBXBuildFile; fileRef = B072080B264C56E40084FDE6 /* ValidationResult.swift */; };
		B072080E264C56FB0084FDE6 /* ErrorMessages.swift in Sources */ = {isa = PBXBuildFile; fileRef = B072080D264C56FB0084FDE6 /* ErrorMessages.swift */; };
		B0720810264D282B0084FDE6 /* InputPropertiesProtocol.swift in Sources */ = {isa = PBXBuildFile; fileRef = B072080F264D282B0084FDE6 /* InputPropertiesProtocol.swift */; };
		B0720812264D6B7F0084FDE6 /* TextFieldFormatter.swift in Sources */ = {isa = PBXBuildFile; fileRef = B0720811264D6B7F0084FDE6 /* TextFieldFormatter.swift */; };
		B0720814264D6B9C0084FDE6 /* TextFieldsProtocol.swift in Sources */ = {isa = PBXBuildFile; fileRef = B0720813264D6B9C0084FDE6 /* TextFieldsProtocol.swift */; };
		B0720817264D89200084FDE6 /* ConnectionState.swift in Sources */ = {isa = PBXBuildFile; fileRef = B0720816264D89200084FDE6 /* ConnectionState.swift */; };
		B0720819264D8D580084FDE6 /* OperationResult.swift in Sources */ = {isa = PBXBuildFile; fileRef = B0720818264D8D580084FDE6 /* OperationResult.swift */; };
		B072081C264DA0270084FDE6 /* SignInProperty.swift in Sources */ = {isa = PBXBuildFile; fileRef = B072081B264DA0270084FDE6 /* SignInProperty.swift */; };
		B0A462912649412C0045D2BE /* Header.swift in Sources */ = {isa = PBXBuildFile; fileRef = B0A462902649412B0045D2BE /* Header.swift */; };
		B0A4629326494AB90045D2BE /* RoundedCorners.swift in Sources */ = {isa = PBXBuildFile; fileRef = B0A4629226494AB80045D2BE /* RoundedCorners.swift */; };
		B0A46295264953270045D2BE /* Outline.swift in Sources */ = {isa = PBXBuildFile; fileRef = B0A46294264953270045D2BE /* Outline.swift */; };
		B0A4629726497FD00045D2BE /* SingleButton.swift in Sources */ = {isa = PBXBuildFile; fileRef = B0A4629626497FD00045D2BE /* SingleButton.swift */; };
		B0A46299264989E90045D2BE /* SignInEmailView.swift in Sources */ = {isa = PBXBuildFile; fileRef = B0A46298264989E80045D2BE /* SignInEmailView.swift */; };
		B0A4629B2649A1B90045D2BE /* BackButton.swift in Sources */ = {isa = PBXBuildFile; fileRef = B0A4629A2649A1B90045D2BE /* BackButton.swift */; };
		B0A4629D2649A5600045D2BE /* EmptyNavigationLink.swift in Sources */ = {isa = PBXBuildFile; fileRef = B0A4629C2649A5600045D2BE /* EmptyNavigationLink.swift */; };
		B0A4629F2649A7070045D2BE /* CustomTextField.swift in Sources */ = {isa = PBXBuildFile; fileRef = B0A4629E2649A7070045D2BE /* CustomTextField.swift */; };
		B0A462A12649B3020045D2BE /* TitledContent.swift in Sources */ = {isa = PBXBuildFile; fileRef = B0A462A02649B3020045D2BE /* TitledContent.swift */; };
		B0A462A32649B7060045D2BE /* KeyboardAdaptive.swift in Sources */ = {isa = PBXBuildFile; fileRef = B0A462A22649B7060045D2BE /* KeyboardAdaptive.swift */; };
		B0A7619C2642D366003B170F /* FirebaseCallParameters.swift in Sources */ = {isa = PBXBuildFile; fileRef = B0A7619B2642D366003B170F /* FirebaseCallParameters.swift */; };
		B0A7619F2642DBB2003B170F /* FirebaseFunctionCallable.swift in Sources */ = {isa = PBXBuildFile; fileRef = B0A7619E2642DBB2003B170F /* FirebaseFunctionCallable.swift */; };
		B0A761A12642E20C003B170F /* KeysInfo.plist in Resources */ = {isa = PBXBuildFile; fileRef = B0A761A02642E20C003B170F /* KeysInfo.plist */; };
		B0A761A32642E6C7003B170F /* FirebaseDatabaseLevel.swift in Sources */ = {isa = PBXBuildFile; fileRef = B0A761A22642E6C7003B170F /* FirebaseDatabaseLevel.swift */; };
		B0A761B32642ED1F003B170F /* FirebaseFetcherTests.swift in Sources */ = {isa = PBXBuildFile; fileRef = B0A761B22642ED1F003B170F /* FirebaseFetcherTests.swift */; };
		B0AF0A8A26430B2900DF4DC9 /* FirebaseFunctionNewTestClubCall.swift in Sources */ = {isa = PBXBuildFile; fileRef = B0AF0A8926430B2900DF4DC9 /* FirebaseFunctionNewTestClubCall.swift */; };
		B0AF0A8C26431B0800DF4DC9 /* Utils.swift in Sources */ = {isa = PBXBuildFile; fileRef = B0AF0A8B26431B0800DF4DC9 /* Utils.swift */; };
		B0AF0A8E2643225300DF4DC9 /* FirebaseFunctionDeleteTestClubCall.swift in Sources */ = {isa = PBXBuildFile; fileRef = B0AF0A8D2643225300DF4DC9 /* FirebaseFunctionDeleteTestClubCall.swift */; };
		B0AF0A9026432B6F00DF4DC9 /* FirebaseReasonTemplate.swift in Sources */ = {isa = PBXBuildFile; fileRef = B0AF0A8F26432B6F00DF4DC9 /* FirebaseReasonTemplate.swift */; };
		B0AF0A9226432C1A00DF4DC9 /* Importance.swift in Sources */ = {isa = PBXBuildFile; fileRef = B0AF0A9126432C1A00DF4DC9 /* Importance.swift */; };
		B0AF0A9426432C9500DF4DC9 /* Amount.swift in Sources */ = {isa = PBXBuildFile; fileRef = B0AF0A9326432C9500DF4DC9 /* Amount.swift */; };
		B0AF0A9626432CE100DF4DC9 /* PropertyWrapper.swift in Sources */ = {isa = PBXBuildFile; fileRef = B0AF0A9526432CE100DF4DC9 /* PropertyWrapper.swift */; };
		B0AF0A9826432F1E00DF4DC9 /* FirebaseFine.swift in Sources */ = {isa = PBXBuildFile; fileRef = B0AF0A9726432F1E00DF4DC9 /* FirebaseFine.swift */; };
		B0AF0A9A2643303500DF4DC9 /* FineReason.swift in Sources */ = {isa = PBXBuildFile; fileRef = B0AF0A992643303500DF4DC9 /* FineReason.swift */; };
		B0AF0A9C2643328800DF4DC9 /* Payed.swift in Sources */ = {isa = PBXBuildFile; fileRef = B0AF0A9B2643328800DF4DC9 /* Payed.swift */; };
		B0AF0A9E2643CE2500DF4DC9 /* FirebaseTransaction.swift in Sources */ = {isa = PBXBuildFile; fileRef = B0AF0A9D2643CE2500DF4DC9 /* FirebaseTransaction.swift */; };
		B0AF0AA02643FFDB00DF4DC9 /* FirebaseFunctionDeleteTestClubPropertyCall.swift in Sources */ = {isa = PBXBuildFile; fileRef = B0AF0A9F2643FFDB00DF4DC9 /* FirebaseFunctionDeleteTestClubPropertyCall.swift */; };
		B0AF0AA22644013400DF4DC9 /* FirebaseFunctionNewTestClubPropertyCall.swift in Sources */ = {isa = PBXBuildFile; fileRef = B0AF0AA12644013400DF4DC9 /* FirebaseFunctionNewTestClubPropertyCall.swift */; };
		B0AF0AA42644125400DF4DC9 /* TestClub.swift in Sources */ = {isa = PBXBuildFile; fileRef = B0AF0AA32644125400DF4DC9 /* TestClub.swift */; };
		B0C2A4B02642918800250A8D /* Extensions+Array.swift in Sources */ = {isa = PBXBuildFile; fileRef = B0C2A4AF2642918800250A8D /* Extensions+Array.swift */; };
		B0D4B62D2642CD19003A720C /* FirebaseFunctionCaller.swift in Sources */ = {isa = PBXBuildFile; fileRef = B0D4B62C2642CD19003A720C /* FirebaseFunctionCaller.swift */; };
		B0E29C8E264C052400E4BA3B /* TextFieldFirstResponders.swift in Sources */ = {isa = PBXBuildFile; fileRef = B0E29C8D264C052400E4BA3B /* TextFieldFirstResponders.swift */; };
		B0E9C86826447AF100FB484E /* ListEnvironment.swift in Sources */ = {isa = PBXBuildFile; fileRef = B0E9C86726447AF100FB484E /* ListEnvironment.swift */; };
		B0EE60ED2641E07000D3B2D2 /* FirebaseObserver.swift in Sources */ = {isa = PBXBuildFile; fileRef = B0EE60EC2641E07000D3B2D2 /* FirebaseObserver.swift */; };
		B8018349DC13D19E2D8A1A96 /* Pods_StrafenTests.framework in Frameworks */ = {isa = PBXBuildFile; fileRef = BAD9129E9E223D457CF7797E /* Pods_StrafenTests.framework */; };
/* End PBXBuildFile section */

/* Begin PBXContainerItemProxy section */
		B0A761AD2642ECBC003B170F /* PBXContainerItemProxy */ = {
			isa = PBXContainerItemProxy;
			containerPortal = B01E96A32641AEF50034E3D1 /* Project object */;
			proxyType = 1;
			remoteGlobalIDString = B01E96AA2641AEF50034E3D1;
			remoteInfo = Strafen;
		};
/* End PBXContainerItemProxy section */

/* Begin PBXFileReference section */
		4900075C659249C78453D551 /* Pods-Strafen.debug.xcconfig */ = {isa = PBXFileReference; includeInIndex = 1; lastKnownFileType = text.xcconfig; name = "Pods-Strafen.debug.xcconfig"; path = "Target Support Files/Pods-Strafen/Pods-Strafen.debug.xcconfig"; sourceTree = "<group>"; };
		7E080994FDC3B1759B22AD23 /* Pods-Strafen.release.xcconfig */ = {isa = PBXFileReference; includeInIndex = 1; lastKnownFileType = text.xcconfig; name = "Pods-Strafen.release.xcconfig"; path = "Target Support Files/Pods-Strafen/Pods-Strafen.release.xcconfig"; sourceTree = "<group>"; };
		9649B8989B474FB66F6D5A13 /* Pods_Strafen.framework */ = {isa = PBXFileReference; explicitFileType = wrapper.framework; includeInIndex = 0; path = Pods_Strafen.framework; sourceTree = BUILT_PRODUCTS_DIR; };
		B01E96AB2641AEF60034E3D1 /* Strafen.app */ = {isa = PBXFileReference; explicitFileType = wrapper.application; includeInIndex = 0; path = Strafen.app; sourceTree = BUILT_PRODUCTS_DIR; };
		B01E96AE2641AEF60034E3D1 /* StrafenApp.swift */ = {isa = PBXFileReference; lastKnownFileType = sourcecode.swift; path = StrafenApp.swift; sourceTree = "<group>"; };
		B01E96B02641AEF60034E3D1 /* ContentView.swift */ = {isa = PBXFileReference; lastKnownFileType = sourcecode.swift; path = ContentView.swift; sourceTree = "<group>"; };
		B01E96B22641AEF80034E3D1 /* Assets.xcassets */ = {isa = PBXFileReference; lastKnownFileType = folder.assetcatalog; path = Assets.xcassets; sourceTree = "<group>"; };
		B01E96B52641AEF80034E3D1 /* Preview Assets.xcassets */ = {isa = PBXFileReference; lastKnownFileType = folder.assetcatalog; path = "Preview Assets.xcassets"; sourceTree = "<group>"; };
		B01E96B72641AEF80034E3D1 /* Info.plist */ = {isa = PBXFileReference; lastKnownFileType = text.plist.xml; path = Info.plist; sourceTree = "<group>"; };
		B021DF3E264918E400FD418F /* BackgroundWave.swift */ = {isa = PBXFileReference; lastKnownFileType = sourcecode.swift; path = BackgroundWave.swift; sourceTree = "<group>"; };
		B021DF42264920EA00FD418F /* LoginEntryView.swift */ = {isa = PBXFileReference; lastKnownFileType = sourcecode.swift; path = LoginEntryView.swift; sourceTree = "<group>"; };
		B02221A62641BEFC0005295B /* Tagged.swift */ = {isa = PBXFileReference; lastKnownFileType = sourcecode.swift; path = Tagged.swift; sourceTree = "<group>"; };
		B02221A82641D4FE0005295B /* FirebaseDecoder.swift */ = {isa = PBXFileReference; lastKnownFileType = sourcecode.swift; path = FirebaseDecoder.swift; sourceTree = "<group>"; };
		B02221AB2641D5570005295B /* FirebasePerson.swift */ = {isa = PBXFileReference; lastKnownFileType = sourcecode.swift; path = FirebasePerson.swift; sourceTree = "<group>"; };
		B02221AD2641D6850005295B /* PersonName.swift */ = {isa = PBXFileReference; lastKnownFileType = sourcecode.swift; path = PersonName.swift; sourceTree = "<group>"; };
		B02221AF2641D73C0005295B /* FirebaseListType.swift */ = {isa = PBXFileReference; lastKnownFileType = sourcecode.swift; path = FirebaseListType.swift; sourceTree = "<group>"; };
		B0254E072641B6130083752B /* GoogleService-Info.plist */ = {isa = PBXFileReference; fileEncoding = 4; lastKnownFileType = text.plist.xml; path = "GoogleService-Info.plist"; sourceTree = "<group>"; };
		B0311304264427EB00E65025 /* FirebaseObserverTests.swift */ = {isa = PBXFileReference; lastKnownFileType = sourcecode.swift; path = FirebaseObserverTests.swift; sourceTree = "<group>"; };
		B0447C192641B78100148430 /* AppDelegate.swift */ = {isa = PBXFileReference; fileEncoding = 4; lastKnownFileType = sourcecode.swift; path = AppDelegate.swift; sourceTree = "<group>"; };
		B0447C1C2641B84600148430 /* Extensions+Other.swift */ = {isa = PBXFileReference; lastKnownFileType = sourcecode.swift; path = "Extensions+Other.swift"; sourceTree = "<group>"; };
		B0447C1F2641BAFE00148430 /* FirebaseFetcher.swift */ = {isa = PBXFileReference; lastKnownFileType = sourcecode.swift; path = FirebaseFetcher.swift; sourceTree = "<group>"; };
		B066A2BE26492E2700AB2715 /* SignInView.swift */ = {isa = PBXFileReference; lastKnownFileType = sourcecode.swift; path = SignInView.swift; sourceTree = "<group>"; };
		B072080B264C56E40084FDE6 /* ValidationResult.swift */ = {isa = PBXFileReference; lastKnownFileType = sourcecode.swift; path = ValidationResult.swift; sourceTree = "<group>"; };
		B072080D264C56FB0084FDE6 /* ErrorMessages.swift */ = {isa = PBXFileReference; lastKnownFileType = sourcecode.swift; path = ErrorMessages.swift; sourceTree = "<group>"; };
		B072080F264D282B0084FDE6 /* InputPropertiesProtocol.swift */ = {isa = PBXFileReference; lastKnownFileType = sourcecode.swift; path = InputPropertiesProtocol.swift; sourceTree = "<group>"; };
		B0720811264D6B7F0084FDE6 /* TextFieldFormatter.swift */ = {isa = PBXFileReference; lastKnownFileType = sourcecode.swift; path = TextFieldFormatter.swift; sourceTree = "<group>"; };
		B0720813264D6B9C0084FDE6 /* TextFieldsProtocol.swift */ = {isa = PBXFileReference; lastKnownFileType = sourcecode.swift; path = TextFieldsProtocol.swift; sourceTree = "<group>"; };
		B0720816264D89200084FDE6 /* ConnectionState.swift */ = {isa = PBXFileReference; lastKnownFileType = sourcecode.swift; path = ConnectionState.swift; sourceTree = "<group>"; };
		B0720818264D8D580084FDE6 /* OperationResult.swift */ = {isa = PBXFileReference; lastKnownFileType = sourcecode.swift; path = OperationResult.swift; sourceTree = "<group>"; };
		B072081B264DA0270084FDE6 /* SignInProperty.swift */ = {isa = PBXFileReference; lastKnownFileType = sourcecode.swift; path = SignInProperty.swift; sourceTree = "<group>"; };
		B0A462902649412B0045D2BE /* Header.swift */ = {isa = PBXFileReference; lastKnownFileType = sourcecode.swift; path = Header.swift; sourceTree = "<group>"; };
		B0A4629226494AB80045D2BE /* RoundedCorners.swift */ = {isa = PBXFileReference; lastKnownFileType = sourcecode.swift; path = RoundedCorners.swift; sourceTree = "<group>"; };
		B0A46294264953270045D2BE /* Outline.swift */ = {isa = PBXFileReference; lastKnownFileType = sourcecode.swift; path = Outline.swift; sourceTree = "<group>"; };
		B0A4629626497FD00045D2BE /* SingleButton.swift */ = {isa = PBXFileReference; lastKnownFileType = sourcecode.swift; path = SingleButton.swift; sourceTree = "<group>"; };
		B0A46298264989E80045D2BE /* SignInEmailView.swift */ = {isa = PBXFileReference; lastKnownFileType = sourcecode.swift; path = SignInEmailView.swift; sourceTree = "<group>"; };
		B0A4629A2649A1B90045D2BE /* BackButton.swift */ = {isa = PBXFileReference; lastKnownFileType = sourcecode.swift; path = BackButton.swift; sourceTree = "<group>"; };
		B0A4629C2649A5600045D2BE /* EmptyNavigationLink.swift */ = {isa = PBXFileReference; lastKnownFileType = sourcecode.swift; path = EmptyNavigationLink.swift; sourceTree = "<group>"; };
		B0A4629E2649A7070045D2BE /* CustomTextField.swift */ = {isa = PBXFileReference; lastKnownFileType = sourcecode.swift; path = CustomTextField.swift; sourceTree = "<group>"; };
		B0A462A02649B3020045D2BE /* TitledContent.swift */ = {isa = PBXFileReference; lastKnownFileType = sourcecode.swift; path = TitledContent.swift; sourceTree = "<group>"; };
		B0A462A22649B7060045D2BE /* KeyboardAdaptive.swift */ = {isa = PBXFileReference; lastKnownFileType = sourcecode.swift; path = KeyboardAdaptive.swift; sourceTree = "<group>"; };
		B0A7619A2642D307003B170F /* Strafen.entitlements */ = {isa = PBXFileReference; lastKnownFileType = text.plist.entitlements; path = Strafen.entitlements; sourceTree = "<group>"; };
		B0A7619B2642D366003B170F /* FirebaseCallParameters.swift */ = {isa = PBXFileReference; lastKnownFileType = sourcecode.swift; path = FirebaseCallParameters.swift; sourceTree = "<group>"; };
		B0A7619E2642DBB2003B170F /* FirebaseFunctionCallable.swift */ = {isa = PBXFileReference; lastKnownFileType = sourcecode.swift; path = FirebaseFunctionCallable.swift; sourceTree = "<group>"; };
		B0A761A02642E20C003B170F /* KeysInfo.plist */ = {isa = PBXFileReference; fileEncoding = 4; lastKnownFileType = text.plist.xml; path = KeysInfo.plist; sourceTree = "<group>"; };
		B0A761A22642E6C7003B170F /* FirebaseDatabaseLevel.swift */ = {isa = PBXFileReference; lastKnownFileType = sourcecode.swift; path = FirebaseDatabaseLevel.swift; sourceTree = "<group>"; };
		B0A761A82642ECBC003B170F /* StrafenTests.xctest */ = {isa = PBXFileReference; explicitFileType = wrapper.cfbundle; includeInIndex = 0; path = StrafenTests.xctest; sourceTree = BUILT_PRODUCTS_DIR; };
		B0A761AC2642ECBC003B170F /* Info.plist */ = {isa = PBXFileReference; lastKnownFileType = text.plist.xml; path = Info.plist; sourceTree = "<group>"; };
		B0A761B22642ED1F003B170F /* FirebaseFetcherTests.swift */ = {isa = PBXFileReference; lastKnownFileType = sourcecode.swift; path = FirebaseFetcherTests.swift; sourceTree = "<group>"; };
		B0AF0A8926430B2900DF4DC9 /* FirebaseFunctionNewTestClubCall.swift */ = {isa = PBXFileReference; lastKnownFileType = sourcecode.swift; path = FirebaseFunctionNewTestClubCall.swift; sourceTree = "<group>"; };
		B0AF0A8B26431B0800DF4DC9 /* Utils.swift */ = {isa = PBXFileReference; lastKnownFileType = sourcecode.swift; path = Utils.swift; sourceTree = "<group>"; };
		B0AF0A8D2643225300DF4DC9 /* FirebaseFunctionDeleteTestClubCall.swift */ = {isa = PBXFileReference; lastKnownFileType = sourcecode.swift; path = FirebaseFunctionDeleteTestClubCall.swift; sourceTree = "<group>"; };
		B0AF0A8F26432B6F00DF4DC9 /* FirebaseReasonTemplate.swift */ = {isa = PBXFileReference; lastKnownFileType = sourcecode.swift; path = FirebaseReasonTemplate.swift; sourceTree = "<group>"; };
		B0AF0A9126432C1A00DF4DC9 /* Importance.swift */ = {isa = PBXFileReference; lastKnownFileType = sourcecode.swift; path = Importance.swift; sourceTree = "<group>"; };
		B0AF0A9326432C9500DF4DC9 /* Amount.swift */ = {isa = PBXFileReference; lastKnownFileType = sourcecode.swift; path = Amount.swift; sourceTree = "<group>"; };
		B0AF0A9526432CE100DF4DC9 /* PropertyWrapper.swift */ = {isa = PBXFileReference; lastKnownFileType = sourcecode.swift; path = PropertyWrapper.swift; sourceTree = "<group>"; };
		B0AF0A9726432F1E00DF4DC9 /* FirebaseFine.swift */ = {isa = PBXFileReference; lastKnownFileType = sourcecode.swift; path = FirebaseFine.swift; sourceTree = "<group>"; };
		B0AF0A992643303500DF4DC9 /* FineReason.swift */ = {isa = PBXFileReference; lastKnownFileType = sourcecode.swift; path = FineReason.swift; sourceTree = "<group>"; };
		B0AF0A9B2643328800DF4DC9 /* Payed.swift */ = {isa = PBXFileReference; lastKnownFileType = sourcecode.swift; path = Payed.swift; sourceTree = "<group>"; };
		B0AF0A9D2643CE2500DF4DC9 /* FirebaseTransaction.swift */ = {isa = PBXFileReference; lastKnownFileType = sourcecode.swift; path = FirebaseTransaction.swift; sourceTree = "<group>"; };
		B0AF0A9F2643FFDB00DF4DC9 /* FirebaseFunctionDeleteTestClubPropertyCall.swift */ = {isa = PBXFileReference; lastKnownFileType = sourcecode.swift; path = FirebaseFunctionDeleteTestClubPropertyCall.swift; sourceTree = "<group>"; };
		B0AF0AA12644013400DF4DC9 /* FirebaseFunctionNewTestClubPropertyCall.swift */ = {isa = PBXFileReference; lastKnownFileType = sourcecode.swift; path = FirebaseFunctionNewTestClubPropertyCall.swift; sourceTree = "<group>"; };
		B0AF0AA32644125400DF4DC9 /* TestClub.swift */ = {isa = PBXFileReference; lastKnownFileType = sourcecode.swift; path = TestClub.swift; sourceTree = "<group>"; };
		B0C2A4AF2642918800250A8D /* Extensions+Array.swift */ = {isa = PBXFileReference; lastKnownFileType = sourcecode.swift; path = "Extensions+Array.swift"; sourceTree = "<group>"; };
		B0D4B62C2642CD19003A720C /* FirebaseFunctionCaller.swift */ = {isa = PBXFileReference; lastKnownFileType = sourcecode.swift; path = FirebaseFunctionCaller.swift; sourceTree = "<group>"; };
		B0E29C8D264C052400E4BA3B /* TextFieldFirstResponders.swift */ = {isa = PBXFileReference; lastKnownFileType = sourcecode.swift; path = TextFieldFirstResponders.swift; sourceTree = "<group>"; };
		B0E9C86726447AF100FB484E /* ListEnvironment.swift */ = {isa = PBXFileReference; lastKnownFileType = sourcecode.swift; path = ListEnvironment.swift; sourceTree = "<group>"; };
		B0EE60EC2641E07000D3B2D2 /* FirebaseObserver.swift */ = {isa = PBXFileReference; lastKnownFileType = sourcecode.swift; path = FirebaseObserver.swift; sourceTree = "<group>"; };
		BAD9129E9E223D457CF7797E /* Pods_StrafenTests.framework */ = {isa = PBXFileReference; explicitFileType = wrapper.framework; includeInIndex = 0; path = Pods_StrafenTests.framework; sourceTree = BUILT_PRODUCTS_DIR; };
		EAAE14DB8E88B5D615F13A5D /* Pods-StrafenTests.debug.xcconfig */ = {isa = PBXFileReference; includeInIndex = 1; lastKnownFileType = text.xcconfig; name = "Pods-StrafenTests.debug.xcconfig"; path = "Target Support Files/Pods-StrafenTests/Pods-StrafenTests.debug.xcconfig"; sourceTree = "<group>"; };
		FD52216F4864E353DAF44788 /* Pods-StrafenTests.release.xcconfig */ = {isa = PBXFileReference; includeInIndex = 1; lastKnownFileType = text.xcconfig; name = "Pods-StrafenTests.release.xcconfig"; path = "Target Support Files/Pods-StrafenTests/Pods-StrafenTests.release.xcconfig"; sourceTree = "<group>"; };
/* End PBXFileReference section */

/* Begin PBXFrameworksBuildPhase section */
		B01E96A82641AEF50034E3D1 /* Frameworks */ = {
			isa = PBXFrameworksBuildPhase;
			buildActionMask = 2147483647;
			files = (
				12CA706153C57422E4B8EF90 /* Pods_Strafen.framework in Frameworks */,
			);
			runOnlyForDeploymentPostprocessing = 0;
		};
		B0A761A52642ECBC003B170F /* Frameworks */ = {
			isa = PBXFrameworksBuildPhase;
			buildActionMask = 2147483647;
			files = (
				B8018349DC13D19E2D8A1A96 /* Pods_StrafenTests.framework in Frameworks */,
			);
			runOnlyForDeploymentPostprocessing = 0;
		};
/* End PBXFrameworksBuildPhase section */

/* Begin PBXGroup section */
		B01E96A22641AEF50034E3D1 = {
			isa = PBXGroup;
			children = (
				B01E96AD2641AEF60034E3D1 /* Strafen */,
				B0A761A92642ECBC003B170F /* StrafenTests */,
				B01E96AC2641AEF60034E3D1 /* Products */,
				F9C7D290E85B4C78FB12D4EE /* Pods */,
				B1448759FED766FC4EFABFBB /* Frameworks */,
			);
			sourceTree = "<group>";
		};
		B01E96AC2641AEF60034E3D1 /* Products */ = {
			isa = PBXGroup;
			children = (
				B01E96AB2641AEF60034E3D1 /* Strafen.app */,
				B0A761A82642ECBC003B170F /* StrafenTests.xctest */,
			);
			name = Products;
			sourceTree = "<group>";
		};
		B01E96AD2641AEF60034E3D1 /* Strafen */ = {
			isa = PBXGroup;
			children = (
				B01E96BD2641AF090034E3D1 /* Controller */,
				B01E96B02641AEF60034E3D1 /* ContentView.swift */,
				B021DF402649194B00FD418F /* HomeViews */,
				B021DF3D264918D300FD418F /* HelpfulViews */,
				B0254E062641B54C0083752B /* FirebaseInterface */,
				B0447C1E2641B90600148430 /* Utilities */,
			);
			path = Strafen;
			sourceTree = "<group>";
		};
		B01E96B42641AEF80034E3D1 /* Preview Content */ = {
			isa = PBXGroup;
			children = (
				B01E96B52641AEF80034E3D1 /* Preview Assets.xcassets */,
			);
			path = "Preview Content";
			sourceTree = "<group>";
		};
		B01E96BD2641AF090034E3D1 /* Controller */ = {
			isa = PBXGroup;
			children = (
				B01E96AE2641AEF60034E3D1 /* StrafenApp.swift */,
				B01E96B22641AEF80034E3D1 /* Assets.xcassets */,
				B0254E072641B6130083752B /* GoogleService-Info.plist */,
				B0A7619A2642D307003B170F /* Strafen.entitlements */,
				B01E96B72641AEF80034E3D1 /* Info.plist */,
				B0A761A02642E20C003B170F /* KeysInfo.plist */,
				B01E96B42641AEF80034E3D1 /* Preview Content */,
			);
			path = Controller;
			sourceTree = "<group>";
		};
		B021DF3D264918D300FD418F /* HelpfulViews */ = {
			isa = PBXGroup;
			children = (
				B0A4629A2649A1B90045D2BE /* BackButton.swift */,
				B021DF3E264918E400FD418F /* BackgroundWave.swift */,
				B0A4629E2649A7070045D2BE /* CustomTextField.swift */,
				B0A462902649412B0045D2BE /* Header.swift */,
				B0A46294264953270045D2BE /* Outline.swift */,
				B0A4629226494AB80045D2BE /* RoundedCorners.swift */,
				B0A4629626497FD00045D2BE /* SingleButton.swift */,
				B0A4629C2649A5600045D2BE /* EmptyNavigationLink.swift */,
				B0A462A02649B3020045D2BE /* TitledContent.swift */,
			);
			path = HelpfulViews;
			sourceTree = "<group>";
		};
		B021DF402649194B00FD418F /* HomeViews */ = {
			isa = PBXGroup;
			children = (
				B021DF412649195000FD418F /* LoginView */,
			);
			path = HomeViews;
			sourceTree = "<group>";
		};
		B021DF412649195000FD418F /* LoginView */ = {
			isa = PBXGroup;
			children = (
				B021DF42264920EA00FD418F /* LoginEntryView.swift */,
				B066A2BE26492E2700AB2715 /* SignInView.swift */,
				B0A46298264989E80045D2BE /* SignInEmailView.swift */,
			);
			path = LoginView;
			sourceTree = "<group>";
		};
		B02221AA2641D5250005295B /* FirebaseListTypes */ = {
			isa = PBXGroup;
			children = (
				B02221AF2641D73C0005295B /* FirebaseListType.swift */,
				B02221AB2641D5570005295B /* FirebasePerson.swift */,
				B0AF0A9726432F1E00DF4DC9 /* FirebaseFine.swift */,
				B0AF0A8F26432B6F00DF4DC9 /* FirebaseReasonTemplate.swift */,
				B0AF0A9D2643CE2500DF4DC9 /* FirebaseTransaction.swift */,
			);
			path = FirebaseListTypes;
			sourceTree = "<group>";
		};
		B0254E062641B54C0083752B /* FirebaseInterface */ = {
			isa = PBXGroup;
			children = (
				B02221AA2641D5250005295B /* FirebaseListTypes */,
				B0A7619D2642DB86003B170F /* FirebaseFunctionCallables */,
				B0D4B62C2642CD19003A720C /* FirebaseFunctionCaller.swift */,
				B0447C1F2641BAFE00148430 /* FirebaseFetcher.swift */,
				B0EE60EC2641E07000D3B2D2 /* FirebaseObserver.swift */,
				B02221A82641D4FE0005295B /* FirebaseDecoder.swift */,
				B0A7619B2642D366003B170F /* FirebaseCallParameters.swift */,
				B0A761A22642E6C7003B170F /* FirebaseDatabaseLevel.swift */,
			);
			path = FirebaseInterface;
			sourceTree = "<group>";
		};
		B0447C1B2641B82C00148430 /* Extensions */ = {
			isa = PBXGroup;
			children = (
				B0C2A4AF2642918800250A8D /* Extensions+Array.swift */,
				B0447C1C2641B84600148430 /* Extensions+Other.swift */,
			);
			path = Extensions;
			sourceTree = "<group>";
		};
		B0447C1E2641B90600148430 /* Utilities */ = {
			isa = PBXGroup;
			children = (
				B0447C192641B78100148430 /* AppDelegate.swift */,
				B0AF0A9326432C9500DF4DC9 /* Amount.swift */,
				B0AF0A992643303500DF4DC9 /* FineReason.swift */,
				B0A462A22649B7060045D2BE /* KeyboardAdaptive.swift */,
				B0E9C86726447AF100FB484E /* ListEnvironment.swift */,
				B02221AD2641D6850005295B /* PersonName.swift */,
				B0AF0A9526432CE100DF4DC9 /* PropertyWrapper.swift */,
				B072081B264DA0270084FDE6 /* SignInProperty.swift */,
				B0E29C8D264C052400E4BA3B /* TextFieldFirstResponders.swift */,
				B02221A62641BEFC0005295B /* Tagged.swift */,
				B072081A264D8D5F0084FDE6 /* Enumerations */,
				B0720815264D6BAF0084FDE6 /* Protocols */,
				B0447C1B2641B82C00148430 /* Extensions */,
			);
			path = Utilities;
			sourceTree = "<group>";
		};
		B0720815264D6BAF0084FDE6 /* Protocols */ = {
			isa = PBXGroup;
			children = (
				B072080F264D282B0084FDE6 /* InputPropertiesProtocol.swift */,
				B0720811264D6B7F0084FDE6 /* TextFieldFormatter.swift */,
				B0720813264D6B9C0084FDE6 /* TextFieldsProtocol.swift */,
			);
			path = Protocols;
			sourceTree = "<group>";
		};
		B072081A264D8D5F0084FDE6 /* Enumerations */ = {
			isa = PBXGroup;
			children = (
				B0720816264D89200084FDE6 /* ConnectionState.swift */,
				B072080D264C56FB0084FDE6 /* ErrorMessages.swift */,
				B0AF0A9126432C1A00DF4DC9 /* Importance.swift */,
				B0720818264D8D580084FDE6 /* OperationResult.swift */,
				B0AF0A9B2643328800DF4DC9 /* Payed.swift */,
				B072080B264C56E40084FDE6 /* ValidationResult.swift */,
			);
			path = Enumerations;
			sourceTree = "<group>";
		};
		B0A7619D2642DB86003B170F /* FirebaseFunctionCallables */ = {
			isa = PBXGroup;
			children = (
				B0A7619E2642DBB2003B170F /* FirebaseFunctionCallable.swift */,
			);
			path = FirebaseFunctionCallables;
			sourceTree = "<group>";
		};
		B0A761A92642ECBC003B170F /* StrafenTests */ = {
			isa = PBXGroup;
			children = (
				B0A761AC2642ECBC003B170F /* Info.plist */,
				B0AF0A8826430AF300DF4DC9 /* FirebaseFunctionCallables */,
				B0A761B22642ED1F003B170F /* FirebaseFetcherTests.swift */,
				B0311304264427EB00E65025 /* FirebaseObserverTests.swift */,
				B0AF0AA32644125400DF4DC9 /* TestClub.swift */,
				B0AF0A8B26431B0800DF4DC9 /* Utils.swift */,
			);
			path = StrafenTests;
			sourceTree = "<group>";
		};
		B0AF0A8826430AF300DF4DC9 /* FirebaseFunctionCallables */ = {
			isa = PBXGroup;
			children = (
				B0AF0A8926430B2900DF4DC9 /* FirebaseFunctionNewTestClubCall.swift */,
				B0AF0A8D2643225300DF4DC9 /* FirebaseFunctionDeleteTestClubCall.swift */,
				B0AF0AA12644013400DF4DC9 /* FirebaseFunctionNewTestClubPropertyCall.swift */,
				B0AF0A9F2643FFDB00DF4DC9 /* FirebaseFunctionDeleteTestClubPropertyCall.swift */,
			);
			path = FirebaseFunctionCallables;
			sourceTree = "<group>";
		};
		B1448759FED766FC4EFABFBB /* Frameworks */ = {
			isa = PBXGroup;
			children = (
				9649B8989B474FB66F6D5A13 /* Pods_Strafen.framework */,
				BAD9129E9E223D457CF7797E /* Pods_StrafenTests.framework */,
			);
			name = Frameworks;
			sourceTree = "<group>";
		};
		F9C7D290E85B4C78FB12D4EE /* Pods */ = {
			isa = PBXGroup;
			children = (
				4900075C659249C78453D551 /* Pods-Strafen.debug.xcconfig */,
				7E080994FDC3B1759B22AD23 /* Pods-Strafen.release.xcconfig */,
				EAAE14DB8E88B5D615F13A5D /* Pods-StrafenTests.debug.xcconfig */,
				FD52216F4864E353DAF44788 /* Pods-StrafenTests.release.xcconfig */,
			);
			path = Pods;
			sourceTree = "<group>";
		};
/* End PBXGroup section */

/* Begin PBXNativeTarget section */
		B01E96AA2641AEF50034E3D1 /* Strafen */ = {
			isa = PBXNativeTarget;
			buildConfigurationList = B01E96BA2641AEF80034E3D1 /* Build configuration list for PBXNativeTarget "Strafen" */;
			buildPhases = (
				EC7F88385092A8D77F97CC96 /* [CP] Check Pods Manifest.lock */,
				B01E96A72641AEF50034E3D1 /* Sources */,
				B01E96A82641AEF50034E3D1 /* Frameworks */,
				B01E96A92641AEF50034E3D1 /* Resources */,
				513BE5779C3A2365EB9CC903 /* [CP] Embed Pods Frameworks */,
			);
			buildRules = (
			);
			dependencies = (
			);
			name = Strafen;
			productName = Strafen;
			productReference = B01E96AB2641AEF60034E3D1 /* Strafen.app */;
			productType = "com.apple.product-type.application";
		};
		B0A761A72642ECBC003B170F /* StrafenTests */ = {
			isa = PBXNativeTarget;
			buildConfigurationList = B0A761AF2642ECBC003B170F /* Build configuration list for PBXNativeTarget "StrafenTests" */;
			buildPhases = (
				BED64B0C36425B0DD66E685C /* [CP] Check Pods Manifest.lock */,
				B0A761A42642ECBC003B170F /* Sources */,
				B0A761A52642ECBC003B170F /* Frameworks */,
				B0A761A62642ECBC003B170F /* Resources */,
			);
			buildRules = (
			);
			dependencies = (
				B0A761AE2642ECBC003B170F /* PBXTargetDependency */,
			);
			name = StrafenTests;
			productName = StrafenTests;
			productReference = B0A761A82642ECBC003B170F /* StrafenTests.xctest */;
			productType = "com.apple.product-type.bundle.unit-test";
		};
/* End PBXNativeTarget section */

/* Begin PBXProject section */
		B01E96A32641AEF50034E3D1 /* Project object */ = {
			isa = PBXProject;
			attributes = {
				LastSwiftUpdateCheck = 1250;
				LastUpgradeCheck = 1250;
				TargetAttributes = {
					B01E96AA2641AEF50034E3D1 = {
						CreatedOnToolsVersion = 12.5;
					};
					B0A761A72642ECBC003B170F = {
						CreatedOnToolsVersion = 12.5;
						TestTargetID = B01E96AA2641AEF50034E3D1;
					};
				};
			};
			buildConfigurationList = B01E96A62641AEF50034E3D1 /* Build configuration list for PBXProject "Strafen" */;
			compatibilityVersion = "Xcode 9.3";
			developmentRegion = en;
			hasScannedForEncodings = 0;
			knownRegions = (
				en,
				Base,
			);
			mainGroup = B01E96A22641AEF50034E3D1;
			productRefGroup = B01E96AC2641AEF60034E3D1 /* Products */;
			projectDirPath = "";
			projectRoot = "";
			targets = (
				B01E96AA2641AEF50034E3D1 /* Strafen */,
				B0A761A72642ECBC003B170F /* StrafenTests */,
			);
		};
/* End PBXProject section */

/* Begin PBXResourcesBuildPhase section */
		B01E96A92641AEF50034E3D1 /* Resources */ = {
			isa = PBXResourcesBuildPhase;
			buildActionMask = 2147483647;
			files = (
				B0A761A12642E20C003B170F /* KeysInfo.plist in Resources */,
				B01E96B62641AEF80034E3D1 /* Preview Assets.xcassets in Resources */,
				B01E96B32641AEF80034E3D1 /* Assets.xcassets in Resources */,
				B0254E082641B6130083752B /* GoogleService-Info.plist in Resources */,
			);
			runOnlyForDeploymentPostprocessing = 0;
		};
		B0A761A62642ECBC003B170F /* Resources */ = {
			isa = PBXResourcesBuildPhase;
			buildActionMask = 2147483647;
			files = (
			);
			runOnlyForDeploymentPostprocessing = 0;
		};
/* End PBXResourcesBuildPhase section */

/* Begin PBXShellScriptBuildPhase section */
		513BE5779C3A2365EB9CC903 /* [CP] Embed Pods Frameworks */ = {
			isa = PBXShellScriptBuildPhase;
			buildActionMask = 2147483647;
			files = (
			);
			inputFileListPaths = (
				"${PODS_ROOT}/Target Support Files/Pods-Strafen/Pods-Strafen-frameworks-${CONFIGURATION}-input-files.xcfilelist",
			);
			name = "[CP] Embed Pods Frameworks";
			outputFileListPaths = (
				"${PODS_ROOT}/Target Support Files/Pods-Strafen/Pods-Strafen-frameworks-${CONFIGURATION}-output-files.xcfilelist",
			);
			runOnlyForDeploymentPostprocessing = 0;
			shellPath = /bin/sh;
			shellScript = "\"${PODS_ROOT}/Target Support Files/Pods-Strafen/Pods-Strafen-frameworks.sh\"\n";
			showEnvVarsInLog = 0;
		};
		BED64B0C36425B0DD66E685C /* [CP] Check Pods Manifest.lock */ = {
			isa = PBXShellScriptBuildPhase;
			buildActionMask = 2147483647;
			files = (
			);
			inputFileListPaths = (
			);
			inputPaths = (
				"${PODS_PODFILE_DIR_PATH}/Podfile.lock",
				"${PODS_ROOT}/Manifest.lock",
			);
			name = "[CP] Check Pods Manifest.lock";
			outputFileListPaths = (
			);
			outputPaths = (
				"$(DERIVED_FILE_DIR)/Pods-StrafenTests-checkManifestLockResult.txt",
			);
			runOnlyForDeploymentPostprocessing = 0;
			shellPath = /bin/sh;
			shellScript = "diff \"${PODS_PODFILE_DIR_PATH}/Podfile.lock\" \"${PODS_ROOT}/Manifest.lock\" > /dev/null\nif [ $? != 0 ] ; then\n    # print error to STDERR\n    echo \"error: The sandbox is not in sync with the Podfile.lock. Run 'pod install' or update your CocoaPods installation.\" >&2\n    exit 1\nfi\n# This output is used by Xcode 'outputs' to avoid re-running this script phase.\necho \"SUCCESS\" > \"${SCRIPT_OUTPUT_FILE_0}\"\n";
			showEnvVarsInLog = 0;
		};
		EC7F88385092A8D77F97CC96 /* [CP] Check Pods Manifest.lock */ = {
			isa = PBXShellScriptBuildPhase;
			buildActionMask = 2147483647;
			files = (
			);
			inputFileListPaths = (
			);
			inputPaths = (
				"${PODS_PODFILE_DIR_PATH}/Podfile.lock",
				"${PODS_ROOT}/Manifest.lock",
			);
			name = "[CP] Check Pods Manifest.lock";
			outputFileListPaths = (
			);
			outputPaths = (
				"$(DERIVED_FILE_DIR)/Pods-Strafen-checkManifestLockResult.txt",
			);
			runOnlyForDeploymentPostprocessing = 0;
			shellPath = /bin/sh;
			shellScript = "diff \"${PODS_PODFILE_DIR_PATH}/Podfile.lock\" \"${PODS_ROOT}/Manifest.lock\" > /dev/null\nif [ $? != 0 ] ; then\n    # print error to STDERR\n    echo \"error: The sandbox is not in sync with the Podfile.lock. Run 'pod install' or update your CocoaPods installation.\" >&2\n    exit 1\nfi\n# This output is used by Xcode 'outputs' to avoid re-running this script phase.\necho \"SUCCESS\" > \"${SCRIPT_OUTPUT_FILE_0}\"\n";
			showEnvVarsInLog = 0;
		};
/* End PBXShellScriptBuildPhase section */

/* Begin PBXSourcesBuildPhase section */
		B01E96A72641AEF50034E3D1 /* Sources */ = {
			isa = PBXSourcesBuildPhase;
			buildActionMask = 2147483647;
			files = (
				B02221AE2641D6850005295B /* PersonName.swift in Sources */,
				B0A7619C2642D366003B170F /* FirebaseCallParameters.swift in Sources */,
				B0AF0A9626432CE100DF4DC9 /* PropertyWrapper.swift in Sources */,
				B072080C264C56E40084FDE6 /* ValidationResult.swift in Sources */,
				B0AF0A9E2643CE2500DF4DC9 /* FirebaseTransaction.swift in Sources */,
				B0A46299264989E90045D2BE /* SignInEmailView.swift in Sources */,
				B0447C1A2641B78100148430 /* AppDelegate.swift in Sources */,
				B0A4629B2649A1B90045D2BE /* BackButton.swift in Sources */,
				B0AF0A9426432C9500DF4DC9 /* Amount.swift in Sources */,
				B0A4629F2649A7070045D2BE /* CustomTextField.swift in Sources */,
				B0A46295264953270045D2BE /* Outline.swift in Sources */,
				B0720817264D89200084FDE6 /* ConnectionState.swift in Sources */,
				B0D4B62D2642CD19003A720C /* FirebaseFunctionCaller.swift in Sources */,
				B0EE60ED2641E07000D3B2D2 /* FirebaseObserver.swift in Sources */,
				B0C2A4B02642918800250A8D /* Extensions+Array.swift in Sources */,
				B0AF0A9026432B6F00DF4DC9 /* FirebaseReasonTemplate.swift in Sources */,
				B072081C264DA0270084FDE6 /* SignInProperty.swift in Sources */,
				B0720810264D282B0084FDE6 /* InputPropertiesProtocol.swift in Sources */,
				B0A4629726497FD00045D2BE /* SingleButton.swift in Sources */,
				B0720814264D6B9C0084FDE6 /* TextFieldsProtocol.swift in Sources */,
				B0720812264D6B7F0084FDE6 /* TextFieldFormatter.swift in Sources */,
				B0A4629326494AB90045D2BE /* RoundedCorners.swift in Sources */,
				B02221B02641D73C0005295B /* FirebaseListType.swift in Sources */,
				B0AF0A9C2643328800DF4DC9 /* Payed.swift in Sources */,
				B0A761A32642E6C7003B170F /* FirebaseDatabaseLevel.swift in Sources */,
				B0AF0A9226432C1A00DF4DC9 /* Importance.swift in Sources */,
				B0720819264D8D580084FDE6 /* OperationResult.swift in Sources */,
				B0A462A32649B7060045D2BE /* KeyboardAdaptive.swift in Sources */,
				B01E96B12641AEF60034E3D1 /* ContentView.swift in Sources */,
				B0447C202641BAFE00148430 /* FirebaseFetcher.swift in Sources */,
				B0A462912649412C0045D2BE /* Header.swift in Sources */,
				B0A7619F2642DBB2003B170F /* FirebaseFunctionCallable.swift in Sources */,
				B0447C1D2641B84600148430 /* Extensions+Other.swift in Sources */,
				B01E96AF2641AEF60034E3D1 /* StrafenApp.swift in Sources */,
				B0E9C86826447AF100FB484E /* ListEnvironment.swift in Sources */,
				B0E29C8E264C052400E4BA3B /* TextFieldFirstResponders.swift in Sources */,
				B0A4629D2649A5600045D2BE /* EmptyNavigationLink.swift in Sources */,
				B02221A92641D4FE0005295B /* FirebaseDecoder.swift in Sources */,
				B02221A72641BEFC0005295B /* Tagged.swift in Sources */,
				B066A2BF26492E2700AB2715 /* SignInView.swift in Sources */,
				B021DF3F264918E400FD418F /* BackgroundWave.swift in Sources */,
				B0A462A12649B3020045D2BE /* TitledContent.swift in Sources */,
				B021DF43264920EA00FD418F /* LoginEntryView.swift in Sources */,
				B0AF0A9A2643303500DF4DC9 /* FineReason.swift in Sources */,
				B02221AC2641D5570005295B /* FirebasePerson.swift in Sources */,
				B0AF0A9826432F1E00DF4DC9 /* FirebaseFine.swift in Sources */,
				B072080E264C56FB0084FDE6 /* ErrorMessages.swift in Sources */,
			);
			runOnlyForDeploymentPostprocessing = 0;
		};
		B0A761A42642ECBC003B170F /* Sources */ = {
			isa = PBXSourcesBuildPhase;
			buildActionMask = 2147483647;
			files = (
				B0AF0AA22644013400DF4DC9 /* FirebaseFunctionNewTestClubPropertyCall.swift in Sources */,
				B0A761B32642ED1F003B170F /* FirebaseFetcherTests.swift in Sources */,
				B0311305264427EB00E65025 /* FirebaseObserverTests.swift in Sources */,
				B0AF0AA42644125400DF4DC9 /* TestClub.swift in Sources */,
				B0AF0A8A26430B2900DF4DC9 /* FirebaseFunctionNewTestClubCall.swift in Sources */,
				B0AF0A8C26431B0800DF4DC9 /* Utils.swift in Sources */,
				B0AF0A8E2643225300DF4DC9 /* FirebaseFunctionDeleteTestClubCall.swift in Sources */,
				B0AF0AA02643FFDB00DF4DC9 /* FirebaseFunctionDeleteTestClubPropertyCall.swift in Sources */,
			);
			runOnlyForDeploymentPostprocessing = 0;
		};
/* End PBXSourcesBuildPhase section */

/* Begin PBXTargetDependency section */
		B0A761AE2642ECBC003B170F /* PBXTargetDependency */ = {
			isa = PBXTargetDependency;
			target = B01E96AA2641AEF50034E3D1 /* Strafen */;
			targetProxy = B0A761AD2642ECBC003B170F /* PBXContainerItemProxy */;
		};
/* End PBXTargetDependency section */

/* Begin XCBuildConfiguration section */
		B01E96B82641AEF80034E3D1 /* Debug */ = {
			isa = XCBuildConfiguration;
			buildSettings = {
				ALWAYS_SEARCH_USER_PATHS = NO;
				CLANG_ANALYZER_NONNULL = YES;
				CLANG_ANALYZER_NUMBER_OBJECT_CONVERSION = YES_AGGRESSIVE;
				CLANG_CXX_LANGUAGE_STANDARD = "gnu++14";
				CLANG_CXX_LIBRARY = "libc++";
				CLANG_ENABLE_MODULES = YES;
				CLANG_ENABLE_OBJC_ARC = YES;
				CLANG_ENABLE_OBJC_WEAK = YES;
				CLANG_WARN_BLOCK_CAPTURE_AUTORELEASING = YES;
				CLANG_WARN_BOOL_CONVERSION = YES;
				CLANG_WARN_COMMA = YES;
				CLANG_WARN_CONSTANT_CONVERSION = YES;
				CLANG_WARN_DEPRECATED_OBJC_IMPLEMENTATIONS = YES;
				CLANG_WARN_DIRECT_OBJC_ISA_USAGE = YES_ERROR;
				CLANG_WARN_DOCUMENTATION_COMMENTS = YES;
				CLANG_WARN_EMPTY_BODY = YES;
				CLANG_WARN_ENUM_CONVERSION = YES;
				CLANG_WARN_INFINITE_RECURSION = YES;
				CLANG_WARN_INT_CONVERSION = YES;
				CLANG_WARN_NON_LITERAL_NULL_CONVERSION = YES;
				CLANG_WARN_OBJC_IMPLICIT_RETAIN_SELF = YES;
				CLANG_WARN_OBJC_LITERAL_CONVERSION = YES;
				CLANG_WARN_OBJC_ROOT_CLASS = YES_ERROR;
				CLANG_WARN_QUOTED_INCLUDE_IN_FRAMEWORK_HEADER = YES;
				CLANG_WARN_RANGE_LOOP_ANALYSIS = YES;
				CLANG_WARN_STRICT_PROTOTYPES = YES;
				CLANG_WARN_SUSPICIOUS_MOVE = YES;
				CLANG_WARN_UNGUARDED_AVAILABILITY = YES_AGGRESSIVE;
				CLANG_WARN_UNREACHABLE_CODE = YES;
				CLANG_WARN__DUPLICATE_METHOD_MATCH = YES;
				COPY_PHASE_STRIP = NO;
				DEBUG_INFORMATION_FORMAT = dwarf;
				ENABLE_STRICT_OBJC_MSGSEND = YES;
				ENABLE_TESTABILITY = YES;
				GCC_C_LANGUAGE_STANDARD = gnu11;
				GCC_DYNAMIC_NO_PIC = NO;
				GCC_NO_COMMON_BLOCKS = YES;
				GCC_OPTIMIZATION_LEVEL = 0;
				GCC_PREPROCESSOR_DEFINITIONS = (
					"DEBUG=1",
					"$(inherited)",
				);
				GCC_WARN_64_TO_32_BIT_CONVERSION = YES;
				GCC_WARN_ABOUT_RETURN_TYPE = YES_ERROR;
				GCC_WARN_UNDECLARED_SELECTOR = YES;
				GCC_WARN_UNINITIALIZED_AUTOS = YES_AGGRESSIVE;
				GCC_WARN_UNUSED_FUNCTION = YES;
				GCC_WARN_UNUSED_VARIABLE = YES;
				IPHONEOS_DEPLOYMENT_TARGET = 14.5;
				MTL_ENABLE_DEBUG_INFO = INCLUDE_SOURCE;
				MTL_FAST_MATH = YES;
				ONLY_ACTIVE_ARCH = YES;
				SDKROOT = iphoneos;
				SWIFT_ACTIVE_COMPILATION_CONDITIONS = DEBUG;
				SWIFT_OPTIMIZATION_LEVEL = "-Onone";
			};
			name = Debug;
		};
		B01E96B92641AEF80034E3D1 /* Release */ = {
			isa = XCBuildConfiguration;
			buildSettings = {
				ALWAYS_SEARCH_USER_PATHS = NO;
				CLANG_ANALYZER_NONNULL = YES;
				CLANG_ANALYZER_NUMBER_OBJECT_CONVERSION = YES_AGGRESSIVE;
				CLANG_CXX_LANGUAGE_STANDARD = "gnu++14";
				CLANG_CXX_LIBRARY = "libc++";
				CLANG_ENABLE_MODULES = YES;
				CLANG_ENABLE_OBJC_ARC = YES;
				CLANG_ENABLE_OBJC_WEAK = YES;
				CLANG_WARN_BLOCK_CAPTURE_AUTORELEASING = YES;
				CLANG_WARN_BOOL_CONVERSION = YES;
				CLANG_WARN_COMMA = YES;
				CLANG_WARN_CONSTANT_CONVERSION = YES;
				CLANG_WARN_DEPRECATED_OBJC_IMPLEMENTATIONS = YES;
				CLANG_WARN_DIRECT_OBJC_ISA_USAGE = YES_ERROR;
				CLANG_WARN_DOCUMENTATION_COMMENTS = YES;
				CLANG_WARN_EMPTY_BODY = YES;
				CLANG_WARN_ENUM_CONVERSION = YES;
				CLANG_WARN_INFINITE_RECURSION = YES;
				CLANG_WARN_INT_CONVERSION = YES;
				CLANG_WARN_NON_LITERAL_NULL_CONVERSION = YES;
				CLANG_WARN_OBJC_IMPLICIT_RETAIN_SELF = YES;
				CLANG_WARN_OBJC_LITERAL_CONVERSION = YES;
				CLANG_WARN_OBJC_ROOT_CLASS = YES_ERROR;
				CLANG_WARN_QUOTED_INCLUDE_IN_FRAMEWORK_HEADER = YES;
				CLANG_WARN_RANGE_LOOP_ANALYSIS = YES;
				CLANG_WARN_STRICT_PROTOTYPES = YES;
				CLANG_WARN_SUSPICIOUS_MOVE = YES;
				CLANG_WARN_UNGUARDED_AVAILABILITY = YES_AGGRESSIVE;
				CLANG_WARN_UNREACHABLE_CODE = YES;
				CLANG_WARN__DUPLICATE_METHOD_MATCH = YES;
				COPY_PHASE_STRIP = NO;
				DEBUG_INFORMATION_FORMAT = "dwarf-with-dsym";
				ENABLE_NS_ASSERTIONS = NO;
				ENABLE_STRICT_OBJC_MSGSEND = YES;
				GCC_C_LANGUAGE_STANDARD = gnu11;
				GCC_NO_COMMON_BLOCKS = YES;
				GCC_WARN_64_TO_32_BIT_CONVERSION = YES;
				GCC_WARN_ABOUT_RETURN_TYPE = YES_ERROR;
				GCC_WARN_UNDECLARED_SELECTOR = YES;
				GCC_WARN_UNINITIALIZED_AUTOS = YES_AGGRESSIVE;
				GCC_WARN_UNUSED_FUNCTION = YES;
				GCC_WARN_UNUSED_VARIABLE = YES;
				IPHONEOS_DEPLOYMENT_TARGET = 14.5;
				MTL_ENABLE_DEBUG_INFO = NO;
				MTL_FAST_MATH = YES;
				SDKROOT = iphoneos;
				SWIFT_COMPILATION_MODE = wholemodule;
				SWIFT_OPTIMIZATION_LEVEL = "-O";
				VALIDATE_PRODUCT = YES;
			};
			name = Release;
		};
		B01E96BB2641AEF80034E3D1 /* Debug */ = {
			isa = XCBuildConfiguration;
			baseConfigurationReference = 4900075C659249C78453D551 /* Pods-Strafen.debug.xcconfig */;
			buildSettings = {
				ASSETCATALOG_COMPILER_APPICON_NAME = AppIcon;
				ASSETCATALOG_COMPILER_GLOBAL_ACCENT_COLOR_NAME = AccentColor;
				CODE_SIGN_ENTITLEMENTS = Strafen/Controller/Strafen.entitlements;
				CODE_SIGN_STYLE = Automatic;
				CURRENT_PROJECT_VERSION = "$(SHARED_MARKETING_VERSION)";
				DEVELOPMENT_ASSET_PATHS = "\"Strafen/Controller/Preview Content\"";
				DEVELOPMENT_TEAM = K7NTJ83ZF8;
				ENABLE_PREVIEWS = YES;
				INFOPLIST_FILE = Strafen/Controller/Info.plist;
				IPHONEOS_DEPLOYMENT_TARGET = 14.0;
				LD_RUNPATH_SEARCH_PATHS = (
					"$(inherited)",
					"@executable_path/Frameworks",
				);
				MARKETING_VERSION = "$(SHARED_CURRENT_PROJECT_VERSION)";
				PRODUCT_BUNDLE_IDENTIFIER = stevenkellner.Strafen;
				PRODUCT_NAME = "$(TARGET_NAME)";
				SHARED_CURRENT_PROJECT_VERSION = 3.0;
				SHARED_MARKETING_VERSION = 1;
				SWIFT_VERSION = 5.0;
				TARGETED_DEVICE_FAMILY = 1;
			};
			name = Debug;
		};
		B01E96BC2641AEF80034E3D1 /* Release */ = {
			isa = XCBuildConfiguration;
			baseConfigurationReference = 7E080994FDC3B1759B22AD23 /* Pods-Strafen.release.xcconfig */;
			buildSettings = {
				ASSETCATALOG_COMPILER_APPICON_NAME = AppIcon;
				ASSETCATALOG_COMPILER_GLOBAL_ACCENT_COLOR_NAME = AccentColor;
				CODE_SIGN_ENTITLEMENTS = Strafen/Controller/Strafen.entitlements;
				CODE_SIGN_STYLE = Automatic;
				CURRENT_PROJECT_VERSION = "$(SHARED_MARKETING_VERSION)";
				DEVELOPMENT_ASSET_PATHS = "\"Strafen/Controller/Preview Content\"";
				DEVELOPMENT_TEAM = K7NTJ83ZF8;
				ENABLE_PREVIEWS = YES;
				INFOPLIST_FILE = Strafen/Controller/Info.plist;
				IPHONEOS_DEPLOYMENT_TARGET = 14.0;
				LD_RUNPATH_SEARCH_PATHS = (
					"$(inherited)",
					"@executable_path/Frameworks",
				);
				MARKETING_VERSION = "$(SHARED_CURRENT_PROJECT_VERSION)";
				PRODUCT_BUNDLE_IDENTIFIER = stevenkellner.Strafen;
				PRODUCT_NAME = "$(TARGET_NAME)";
				SHARED_CURRENT_PROJECT_VERSION = 3.0;
				SHARED_MARKETING_VERSION = 1;
				SWIFT_VERSION = 5.0;
				TARGETED_DEVICE_FAMILY = 1;
			};
			name = Release;
		};
		B0A761B02642ECBC003B170F /* Debug */ = {
			isa = XCBuildConfiguration;
			baseConfigurationReference = EAAE14DB8E88B5D615F13A5D /* Pods-StrafenTests.debug.xcconfig */;
			buildSettings = {
				BUNDLE_LOADER = "$(TEST_HOST)";
				CODE_SIGN_STYLE = Automatic;
				DEVELOPMENT_TEAM = K7NTJ83ZF8;
				INFOPLIST_FILE = StrafenTests/Info.plist;
				LD_RUNPATH_SEARCH_PATHS = (
					"$(inherited)",
					"@executable_path/Frameworks",
					"@loader_path/Frameworks",
				);
				PRODUCT_BUNDLE_IDENTIFIER = stevenkellner.StrafenTests;
				PRODUCT_NAME = "$(TARGET_NAME)";
				SWIFT_VERSION = 5.0;
				TARGETED_DEVICE_FAMILY = "1,2";
				TEST_HOST = "$(BUILT_PRODUCTS_DIR)/Strafen.app/Strafen";
			};
			name = Debug;
		};
		B0A761B12642ECBC003B170F /* Release */ = {
			isa = XCBuildConfiguration;
			baseConfigurationReference = FD52216F4864E353DAF44788 /* Pods-StrafenTests.release.xcconfig */;
			buildSettings = {
				BUNDLE_LOADER = "$(TEST_HOST)";
				CODE_SIGN_STYLE = Automatic;
				DEVELOPMENT_TEAM = K7NTJ83ZF8;
				INFOPLIST_FILE = StrafenTests/Info.plist;
				LD_RUNPATH_SEARCH_PATHS = (
					"$(inherited)",
					"@executable_path/Frameworks",
					"@loader_path/Frameworks",
				);
				PRODUCT_BUNDLE_IDENTIFIER = stevenkellner.StrafenTests;
				PRODUCT_NAME = "$(TARGET_NAME)";
				SWIFT_VERSION = 5.0;
				TARGETED_DEVICE_FAMILY = "1,2";
				TEST_HOST = "$(BUILT_PRODUCTS_DIR)/Strafen.app/Strafen";
			};
			name = Release;
		};
/* End XCBuildConfiguration section */

/* Begin XCConfigurationList section */
		B01E96A62641AEF50034E3D1 /* Build configuration list for PBXProject "Strafen" */ = {
			isa = XCConfigurationList;
			buildConfigurations = (
				B01E96B82641AEF80034E3D1 /* Debug */,
				B01E96B92641AEF80034E3D1 /* Release */,
			);
			defaultConfigurationIsVisible = 0;
			defaultConfigurationName = Release;
		};
		B01E96BA2641AEF80034E3D1 /* Build configuration list for PBXNativeTarget "Strafen" */ = {
			isa = XCConfigurationList;
			buildConfigurations = (
				B01E96BB2641AEF80034E3D1 /* Debug */,
				B01E96BC2641AEF80034E3D1 /* Release */,
			);
			defaultConfigurationIsVisible = 0;
			defaultConfigurationName = Release;
		};
		B0A761AF2642ECBC003B170F /* Build configuration list for PBXNativeTarget "StrafenTests" */ = {
			isa = XCConfigurationList;
			buildConfigurations = (
				B0A761B02642ECBC003B170F /* Debug */,
				B0A761B12642ECBC003B170F /* Release */,
			);
			defaultConfigurationIsVisible = 0;
			defaultConfigurationName = Release;
		};
/* End XCConfigurationList section */
	};
	rootObject = B01E96A32641AEF50034E3D1 /* Project object */;
}
