// !$*UTF8*$!
{
	archiveVersion = 1;
	classes = {
	};
	objectVersion = 51;
	objects = {

/* Begin PBXBuildFile section */
		67CDD1AB6A3BBA7C38C64532 /* Pods_Strafen.framework in Frameworks */ = {isa = PBXBuildFile; fileRef = 28520CB35F7960A3527C91CA /* Pods_Strafen.framework */; };
		A6F6A1A6B349D262998E8993 /* Pods_Strafen_StrafenUITests.framework in Frameworks */ = {isa = PBXBuildFile; fileRef = 023B8104CAAD7D690BBF2A74 /* Pods_Strafen_StrafenUITests.framework */; };
		B006920624C615D500AE2EF0 /* HomeTabs.swift in Sources */ = {isa = PBXBuildFile; fileRef = B006920524C615D500AE2EF0 /* HomeTabs.swift */; };
		B016578A24C369850012B6AC /* Note.swift in Sources */ = {isa = PBXBuildFile; fileRef = B016578924C369850012B6AC /* Note.swift */; };
		B02019D424FE779000C660B9 /* SettingsFinesFormatterView.swift in Sources */ = {isa = PBXBuildFile; fileRef = B02019D324FE779000C660B9 /* SettingsFinesFormatterView.swift */; };
		B020C7B724AE7204008940FE /* ListFetcher.swift in Sources */ = {isa = PBXBuildFile; fileRef = B020C7B624AE7204008940FE /* ListFetcher.swift */; };
		B020C7BA24AE744F008940FE /* ListData.swift in Sources */ = {isa = PBXBuildFile; fileRef = B020C7B924AE744F008940FE /* ListData.swift */; };
		B020C7BC24AF1AE9008940FE /* ChangerClub.swift in Sources */ = {isa = PBXBuildFile; fileRef = B020C7BB24AF1AE9008940FE /* ChangerClub.swift */; };
		B020C7BE24AF1C31008940FE /* PersonLogin.swift in Sources */ = {isa = PBXBuildFile; fileRef = B020C7BD24AF1C31008940FE /* PersonLogin.swift */; };
		B020C7C024AF7CC6008940FE /* Person.swift in Sources */ = {isa = PBXBuildFile; fileRef = B020C7BF24AF7CC6008940FE /* Person.swift */; };
		B020C7C224B0B9D0008940FE /* PersonRowImage.swift in Sources */ = {isa = PBXBuildFile; fileRef = B020C7C124B0B9D0008940FE /* PersonRowImage.swift */; };
		B020C7C424B0C5E6008940FE /* ImageFetcher.swift in Sources */ = {isa = PBXBuildFile; fileRef = B020C7C324B0C5E6008940FE /* ImageFetcher.swift */; };
		B020C7C624B0C8BE008940FE /* ImageData.swift in Sources */ = {isa = PBXBuildFile; fileRef = B020C7C524B0C8BE008940FE /* ImageData.swift */; };
		B020C7CA24B1168F008940FE /* RegisterPerson.swift in Sources */ = {isa = PBXBuildFile; fileRef = B020C7C924B1168F008940FE /* RegisterPerson.swift */; };
		B020C7CC24B87653008940FE /* Club.swift in Sources */ = {isa = PBXBuildFile; fileRef = B020C7CB24B87653008940FE /* Club.swift */; };
		B026766D24BDD346005E79C1 /* AmountDisplay.swift in Sources */ = {isa = PBXBuildFile; fileRef = B026766C24BDD346005E79C1 /* AmountDisplay.swift */; };
		B0280AB424FFB9D30049202D /* LatePaymentInterestChangerView.swift in Sources */ = {isa = PBXBuildFile; fileRef = B0280AB324FFB9D30049202D /* LatePaymentInterestChangerView.swift */; };
		B028FD972514EB91007DF006 /* Changer.swift in Sources */ = {isa = PBXBuildFile; fileRef = B028FD962514EB91007DF006 /* Changer.swift */; };
		B028FD9A25150E5E007DF006 /* ServerListChange.swift in Sources */ = {isa = PBXBuildFile; fileRef = B028FD9925150E5E007DF006 /* ServerListChange.swift */; };
		B028FD9C25150E77007DF006 /* RegisterPersonChange.swift in Sources */ = {isa = PBXBuildFile; fileRef = B028FD9B25150E77007DF006 /* RegisterPersonChange.swift */; };
		B028FD9E25150E90007DF006 /* Parameters.swift in Sources */ = {isa = PBXBuildFile; fileRef = B028FD9D25150E90007DF006 /* Parameters.swift */; };
		B02B891524BDFDA9004562B9 /* SettingsView.swift in Sources */ = {isa = PBXBuildFile; fileRef = B02B891424BDFDA9004562B9 /* SettingsView.swift */; };
		B02EF27024C497CC00E4CEBC /* NoteEditor.swift in Sources */ = {isa = PBXBuildFile; fileRef = B02EF26F24C497CC00E4CEBC /* NoteEditor.swift */; };
		B037BCEA25419CB4002B81E5 /* SignInEmailView.swift in Sources */ = {isa = PBXBuildFile; fileRef = B037BCE925419CB4002B81E5 /* SignInEmailView.swift */; };
		B042D42E24BA21540029F2D5 /* ListTypes.swift in Sources */ = {isa = PBXBuildFile; fileRef = B042D42D24BA21540029F2D5 /* ListTypes.swift */; };
		B042D43024BA42EB0029F2D5 /* TabBar.swift in Sources */ = {isa = PBXBuildFile; fileRef = B042D42F24BA42EB0029F2D5 /* TabBar.swift */; };
		B042D43324BB19E10029F2D5 /* ProfileDetail.swift in Sources */ = {isa = PBXBuildFile; fileRef = B042D43224BB19E10029F2D5 /* ProfileDetail.swift */; };
		B042D43524BB1B040029F2D5 /* Euro.swift in Sources */ = {isa = PBXBuildFile; fileRef = B042D43424BB1B040029F2D5 /* Euro.swift */; };
		B042D43B24BB27EF0029F2D5 /* FormattedDate.swift in Sources */ = {isa = PBXBuildFile; fileRef = B042D43A24BB27EF0029F2D5 /* FormattedDate.swift */; };
		B042D43D24BB2BBD0029F2D5 /* Array.swift in Sources */ = {isa = PBXBuildFile; fileRef = B042D43C24BB2BBD0029F2D5 /* Array.swift */; };
		B042D44024BB5B420029F2D5 /* PersonList.swift in Sources */ = {isa = PBXBuildFile; fileRef = B042D43F24BB5B420029F2D5 /* PersonList.swift */; };
		B042D44224BB61810029F2D5 /* SearchBar.swift in Sources */ = {isa = PBXBuildFile; fileRef = B042D44124BB61810029F2D5 /* SearchBar.swift */; };
		B042D44524BCD80C0029F2D5 /* PersonDetail.swift in Sources */ = {isa = PBXBuildFile; fileRef = B042D44424BCD80B0029F2D5 /* PersonDetail.swift */; };
		B042D44724BDAB280029F2D5 /* ActivityView.swift in Sources */ = {isa = PBXBuildFile; fileRef = B042D44624BDAB280029F2D5 /* ActivityView.swift */; };
		B04B71EB24CE18560038B02F /* TestContent.swift in Sources */ = {isa = PBXBuildFile; fileRef = B04B71EA24CE18560038B02F /* TestContent.swift */; };
		B04B71EE24CEDA9C0038B02F /* MediumWidgetSuccess.swift in Sources */ = {isa = PBXBuildFile; fileRef = B04B71ED24CEDA9C0038B02F /* MediumWidgetSuccess.swift */; };
		B04B71F024CEDAAA0038B02F /* MediumWidgetNoConnection.swift in Sources */ = {isa = PBXBuildFile; fileRef = B04B71EF24CEDAAA0038B02F /* MediumWidgetNoConnection.swift */; };
		B04B71F224CEDABC0038B02F /* MediumWidgetNoPersonLoggedIn.swift in Sources */ = {isa = PBXBuildFile; fileRef = B04B71F124CEDABC0038B02F /* MediumWidgetNoPersonLoggedIn.swift */; };
		B04B71F524CF36AE0038B02F /* LargeWidgetSuccess.swift in Sources */ = {isa = PBXBuildFile; fileRef = B04B71F424CF36AE0038B02F /* LargeWidgetSuccess.swift */; };
		B04B71F724CF36B90038B02F /* LargeWidgetNoConnection.swift in Sources */ = {isa = PBXBuildFile; fileRef = B04B71F624CF36B90038B02F /* LargeWidgetNoConnection.swift */; };
		B04B71F924CF36C30038B02F /* LargeWidgetNoPersonLoggedIn.swift in Sources */ = {isa = PBXBuildFile; fileRef = B04B71F824CF36C30038B02F /* LargeWidgetNoPersonLoggedIn.swift */; };
		B05C32E725388637004E9923 /* NecessaryObjects.swift in Sources */ = {isa = PBXBuildFile; fileRef = B05C32E625388637004E9923 /* NecessaryObjects.swift */; };
		B05C3317253B6AEE004E9923 /* SignInCache.swift in Sources */ = {isa = PBXBuildFile; fileRef = B05C3316253B6AEE004E9923 /* SignInCache.swift */; };
		B05C331D253B6B0F004E9923 /* SignInCacheView.swift in Sources */ = {isa = PBXBuildFile; fileRef = B05C331C253B6B0F004E9923 /* SignInCacheView.swift */; };
		B05C3330253C3597004E9923 /* LoginView.swift in Sources */ = {isa = PBXBuildFile; fileRef = B05C332F253C3597004E9923 /* LoginView.swift */; };
		B05FA5C12528D39E00CEBA5A /* GoogleService-Info.plist in Resources */ = {isa = PBXBuildFile; fileRef = B05FA5C02528D39E00CEBA5A /* GoogleService-Info.plist */; };
		B061752E24CB471600382D9C /* SmallWidget.swift in Sources */ = {isa = PBXBuildFile; fileRef = B061752D24CB471600382D9C /* SmallWidget.swift */; };
		B061753024CB472300382D9C /* MediumWidget.swift in Sources */ = {isa = PBXBuildFile; fileRef = B061752F24CB472300382D9C /* MediumWidget.swift */; };
		B061753224CB473200382D9C /* LargeWidget.swift in Sources */ = {isa = PBXBuildFile; fileRef = B061753124CB473200382D9C /* LargeWidget.swift */; };
		B061754124CC639400382D9C /* Extensions.swift in Sources */ = {isa = PBXBuildFile; fileRef = B061754024CC639400382D9C /* Extensions.swift */; };
		B061754424CC658200382D9C /* WidgetUrls.swift in Sources */ = {isa = PBXBuildFile; fileRef = B061754324CC658200382D9C /* WidgetUrls.swift */; };
		B0619BFB24C0B62B008969A1 /* PersonEditor.swift in Sources */ = {isa = PBXBuildFile; fileRef = B0619BFA24C0B62B008969A1 /* PersonEditor.swift */; };
		B0619BFE24C0B999008969A1 /* PersonFineEditor.swift in Sources */ = {isa = PBXBuildFile; fileRef = B0619BFD24C0B999008969A1 /* PersonFineEditor.swift */; };
		B0619C0024C0BD16008969A1 /* ImportanceChanger.swift in Sources */ = {isa = PBXBuildFile; fileRef = B0619BFF24C0BD16008969A1 /* ImportanceChanger.swift */; };
		B0619C0224C0C1E2008969A1 /* String.swift in Sources */ = {isa = PBXBuildFile; fileRef = B0619C0124C0C1E2008969A1 /* String.swift */; };
		B0619C0424C186FC008969A1 /* PersonFineTemplate.swift in Sources */ = {isa = PBXBuildFile; fileRef = B0619C0324C186FC008969A1 /* PersonFineTemplate.swift */; };
		B0619C0824C1CAB9008969A1 /* CustomDatePicker.swift in Sources */ = {isa = PBXBuildFile; fileRef = B0619C0724C1CAB9008969A1 /* CustomDatePicker.swift */; };
		B0619C0A24C1E62C008969A1 /* PersonFineAdvanced.swift in Sources */ = {isa = PBXBuildFile; fileRef = B0619C0924C1E62C008969A1 /* PersonFineAdvanced.swift */; };
		B0619C0D24C20C4B008969A1 /* ReasonList.swift in Sources */ = {isa = PBXBuildFile; fileRef = B0619C0C24C20C4B008969A1 /* ReasonList.swift */; };
		B0619C0F24C20EAA008969A1 /* ReasonAddNew.swift in Sources */ = {isa = PBXBuildFile; fileRef = B0619C0E24C20EAA008969A1 /* ReasonAddNew.swift */; };
		B0619C1124C21463008969A1 /* ReasonEditor.swift in Sources */ = {isa = PBXBuildFile; fileRef = B0619C1024C21463008969A1 /* ReasonEditor.swift */; };
		B0619C1424C21958008969A1 /* AddNewFine.swift in Sources */ = {isa = PBXBuildFile; fileRef = B0619C1324C21958008969A1 /* AddNewFine.swift */; };
		B0619C1624C236C2008969A1 /* AddNewFinePerson.swift in Sources */ = {isa = PBXBuildFile; fileRef = B0619C1524C236C2008969A1 /* AddNewFinePerson.swift */; };
		B0619C1824C23911008969A1 /* AddNewFineReason.swift in Sources */ = {isa = PBXBuildFile; fileRef = B0619C1724C23910008969A1 /* AddNewFineReason.swift */; };
		B0619C1B24C363DE008969A1 /* NoteList.swift in Sources */ = {isa = PBXBuildFile; fileRef = B0619C1A24C363DE008969A1 /* NoteList.swift */; };
		B0675AF825167621006357F8 /* ChangerTests.swift in Sources */ = {isa = PBXBuildFile; fileRef = B0675AF725167621006357F8 /* ChangerTests.swift */; };
		B06FECF4251642CD00893DF9 /* NewClubChange.swift in Sources */ = {isa = PBXBuildFile; fileRef = B06FECF3251642CD00893DF9 /* NewClubChange.swift */; };
		B06FECF6251644CA00893DF9 /* ForceSignOutChange.swift in Sources */ = {isa = PBXBuildFile; fileRef = B06FECF5251644CA00893DF9 /* ForceSignOutChange.swift */; };
		B06FECF82516466500893DF9 /* LatePaymentInterestChange.swift in Sources */ = {isa = PBXBuildFile; fileRef = B06FECF72516466500893DF9 /* LatePaymentInterestChange.swift */; };
		B06FECFA25164D8B00893DF9 /* SendCodeMailChange.swift in Sources */ = {isa = PBXBuildFile; fileRef = B06FECF925164D8B00893DF9 /* SendCodeMailChange.swift */; };
		B06FECFC2516587F00893DF9 /* PersonImageChange.swift in Sources */ = {isa = PBXBuildFile; fileRef = B06FECFB2516587F00893DF9 /* PersonImageChange.swift */; };
		B06FECFE25165B8E00893DF9 /* ClubImageChange.swift in Sources */ = {isa = PBXBuildFile; fileRef = B06FECFD25165B8E00893DF9 /* ClubImageChange.swift */; };
		B077B57224CAC652003844CE /* WidgetKit.framework in Frameworks */ = {isa = PBXBuildFile; fileRef = B077B57124CAC652003844CE /* WidgetKit.framework */; };
		B077B57424CAC652003844CE /* SwiftUI.framework in Frameworks */ = {isa = PBXBuildFile; fileRef = B077B57324CAC652003844CE /* SwiftUI.framework */; };
		B077B57724CAC652003844CE /* StrafenWidget.swift in Sources */ = {isa = PBXBuildFile; fileRef = B077B57624CAC652003844CE /* StrafenWidget.swift */; };
		B077B57A24CAC655003844CE /* Assets.xcassets in Resources */ = {isa = PBXBuildFile; fileRef = B077B57924CAC655003844CE /* Assets.xcassets */; };
		B077B58024CAC655003844CE /* StrafenWidgetExtension.appex in Embed App Extensions */ = {isa = PBXBuildFile; fileRef = B077B57024CAC652003844CE /* StrafenWidgetExtension.appex */; settings = {ATTRIBUTES = (RemoveHeadersOnCopy, ); }; };
		B077B58A24CACEEB003844CE /* Constants.swift in Sources */ = {isa = PBXBuildFile; fileRef = B0C1C51F24A79328007B584B /* Constants.swift */; };
		B077B58E24CB0714003844CE /* Provider.swift in Sources */ = {isa = PBXBuildFile; fileRef = B077B58C24CB06FE003844CE /* Provider.swift */; };
		B077B59824CB0804003844CE /* WidgetView.swift in Sources */ = {isa = PBXBuildFile; fileRef = B077B59624CB0801003844CE /* WidgetView.swift */; };
		B077B59A24CB0A7E003844CE /* Color.swift in Sources */ = {isa = PBXBuildFile; fileRef = B0C1C51824A78C90007B584B /* Color.swift */; };
		B07938D624BEF4C300F86E86 /* PersonFineDetail.swift in Sources */ = {isa = PBXBuildFile; fileRef = B07938D524BEF4C300F86E86 /* PersonFineDetail.swift */; };
		B07938D824BF037900F86E86 /* PersonAddNew.swift in Sources */ = {isa = PBXBuildFile; fileRef = B07938D724BF037900F86E86 /* PersonAddNew.swift */; };
		B0B117CC24FA962C006A22F2 /* SignInWithApple.swift in Sources */ = {isa = PBXBuildFile; fileRef = B0B117CB24FA962C006A22F2 /* SignInWithApple.swift */; };
		B0B4822024A8D46B00CB7A1A /* Header.swift in Sources */ = {isa = PBXBuildFile; fileRef = B0B4821F24A8D46B00CB7A1A /* Header.swift */; };
		B0B4822224A8D61300CB7A1A /* CustomTextField.swift in Sources */ = {isa = PBXBuildFile; fileRef = B0B4822124A8D61300CB7A1A /* CustomTextField.swift */; };
		B0B4822424A8D69E00CB7A1A /* Buttons.swift in Sources */ = {isa = PBXBuildFile; fileRef = B0B4822324A8D69E00CB7A1A /* Buttons.swift */; };
		B0B799CC24ACA1990027727E /* ImageSelector.swift in Sources */ = {isa = PBXBuildFile; fileRef = B0B799CB24ACA1990027727E /* ImageSelector.swift */; };
		B0B81DC12502520E00249447 /* CodableSettings.swift in Sources */ = {isa = PBXBuildFile; fileRef = B0B81DC02502520E00249447 /* CodableSettings.swift */; };
		B0B81DC32502522600249447 /* Settings+Style.swift in Sources */ = {isa = PBXBuildFile; fileRef = B0B81DC22502522600249447 /* Settings+Style.swift */; };
		B0B81DC52502523100249447 /* Settings+Appereance.swift in Sources */ = {isa = PBXBuildFile; fileRef = B0B81DC42502523100249447 /* Settings+Appereance.swift */; };
		B0B81DC72502524000249447 /* Settings+Person.swift in Sources */ = {isa = PBXBuildFile; fileRef = B0B81DC62502524000249447 /* Settings+Person.swift */; };
		B0B81DC92502525500249447 /* Settings+LatePaymentInterest.swift in Sources */ = {isa = PBXBuildFile; fileRef = B0B81DC82502525500249447 /* Settings+LatePaymentInterest.swift */; };
		B0C1C51524A78BD7007B584B /* LoginEntryView.swift in Sources */ = {isa = PBXBuildFile; fileRef = B0C1C51424A78BD7007B584B /* LoginEntryView.swift */; };
		B0C1C51924A78C90007B584B /* Color.swift in Sources */ = {isa = PBXBuildFile; fileRef = B0C1C51824A78C90007B584B /* Color.swift */; };
		B0C1C51B24A78CC2007B584B /* Settings.swift in Sources */ = {isa = PBXBuildFile; fileRef = B0C1C51A24A78CC2007B584B /* Settings.swift */; };
		B0C1C51D24A7910F007B584B /* AppUrls.swift in Sources */ = {isa = PBXBuildFile; fileRef = B0C1C51C24A7910F007B584B /* AppUrls.swift */; };
		B0C1C52024A79328007B584B /* Constants.swift in Sources */ = {isa = PBXBuildFile; fileRef = B0C1C51F24A79328007B584B /* Constants.swift */; };
		B0C1C52224A7A021007B584B /* PersonName.swift in Sources */ = {isa = PBXBuildFile; fileRef = B0C1C52124A7A021007B584B /* PersonName.swift */; };
		B0C1C52524A8BC14007B584B /* RoundedCorners.swift in Sources */ = {isa = PBXBuildFile; fileRef = B0C1C52424A8BC14007B584B /* RoundedCorners.swift */; };
		B0C1C52724A8BEE6007B584B /* Other.swift in Sources */ = {isa = PBXBuildFile; fileRef = B0C1C52624A8BEE6007B584B /* Other.swift */; };
		B0C554052505646400BA3E26 /* AppDelegate.swift in Sources */ = {isa = PBXBuildFile; fileRef = B0C554042505646400BA3E26 /* AppDelegate.swift */; };
		B0DE1CBB24C44D61006CCFE9 /* LocalListChanger.swift in Sources */ = {isa = PBXBuildFile; fileRef = B0DE1CBA24C44D61006CCFE9 /* LocalListChanger.swift */; };
		B0DE1CBD24C48FB3006CCFE9 /* NoteDetail.swift in Sources */ = {isa = PBXBuildFile; fileRef = B0DE1CBC24C48FB3006CCFE9 /* NoteDetail.swift */; };
		B0E0F82724A63E5800C82828 /* StrafenApp.swift in Sources */ = {isa = PBXBuildFile; fileRef = B0E0F82624A63E5800C82828 /* StrafenApp.swift */; };
		B0E0F82924A63E5800C82828 /* ContentView.swift in Sources */ = {isa = PBXBuildFile; fileRef = B0E0F82824A63E5800C82828 /* ContentView.swift */; };
		B0E0F82B24A63E5A00C82828 /* Assets.xcassets in Resources */ = {isa = PBXBuildFile; fileRef = B0E0F82A24A63E5A00C82828 /* Assets.xcassets */; };
		B0E0F82E24A63E5A00C82828 /* Preview Assets.xcassets in Resources */ = {isa = PBXBuildFile; fileRef = B0E0F82D24A63E5A00C82828 /* Preview Assets.xcassets */; };
		B0E0F83924A63E5A00C82828 /* StrafenTests.swift in Sources */ = {isa = PBXBuildFile; fileRef = B0E0F83824A63E5A00C82828 /* StrafenTests.swift */; };
		B0E0F84424A63E5A00C82828 /* StrafenUITests.swift in Sources */ = {isa = PBXBuildFile; fileRef = B0E0F84324A63E5A00C82828 /* StrafenUITests.swift */; };
		B0E2C19424CC6620009E3666 /* Fine.swift in Sources */ = {isa = PBXBuildFile; fileRef = B0E2C19024CC661F009E3666 /* Fine.swift */; };
		B0E2C19524CC6620009E3666 /* Reason.swift in Sources */ = {isa = PBXBuildFile; fileRef = B0E2C19124CC6620009E3666 /* Reason.swift */; };
		B0E2C19D24CC66C2009E3666 /* WidgetListTypes.swift in Sources */ = {isa = PBXBuildFile; fileRef = B0E2C18D24CC65F9009E3666 /* WidgetListTypes.swift */; };
		B0E2C1A124CC67F3009E3666 /* PersonName.swift in Sources */ = {isa = PBXBuildFile; fileRef = B0C1C52124A7A021007B584B /* PersonName.swift */; };
		B0E2C1A424CC6828009E3666 /* WidgetReason.swift in Sources */ = {isa = PBXBuildFile; fileRef = B0E2C1A224CC6815009E3666 /* WidgetReason.swift */; };
		B0E2C1A524CC6859009E3666 /* Euro.swift in Sources */ = {isa = PBXBuildFile; fileRef = B042D43424BB1B040029F2D5 /* Euro.swift */; };
		B0E2C1A824CC6884009E3666 /* WidgetFine.swift in Sources */ = {isa = PBXBuildFile; fileRef = B0E2C1A624CC6872009E3666 /* WidgetFine.swift */; };
		B0E2C1A924CC6919009E3666 /* FormattedDate.swift in Sources */ = {isa = PBXBuildFile; fileRef = B042D43A24BB27EF0029F2D5 /* FormattedDate.swift */; };
		B0E2C1AC24CC6C2D009E3666 /* WidgetListFetcher.swift in Sources */ = {isa = PBXBuildFile; fileRef = B0E2C1AA24CC6C15009E3666 /* WidgetListFetcher.swift */; };
		B0E2C1B424CDB6AF009E3666 /* SmallWidgetSuccess.swift in Sources */ = {isa = PBXBuildFile; fileRef = B0E2C1AE24CDB646009E3666 /* SmallWidgetSuccess.swift */; };
		B0E2C1B524CDB6AF009E3666 /* SmallWidgetNoConnection.swift in Sources */ = {isa = PBXBuildFile; fileRef = B0E2C1B024CDB653009E3666 /* SmallWidgetNoConnection.swift */; };
		B0E2C1B624CDB6AF009E3666 /* SmallWidgetNoPersonLoggedIn.swift in Sources */ = {isa = PBXBuildFile; fileRef = B0E2C1B224CDB661009E3666 /* SmallWidgetNoPersonLoggedIn.swift */; };
		B0E50C9F253DCC44008C7E84 /* SignInView.swift in Sources */ = {isa = PBXBuildFile; fileRef = B0E50C9E253DCC44008C7E84 /* SignInView.swift */; };
		B0E50D1325418D37008C7E84 /* KeyboardAdaptive.swift in Sources */ = {isa = PBXBuildFile; fileRef = B0E50D1225418D37008C7E84 /* KeyboardAdaptive.swift */; };
		B0E5C71024C377F70004E758 /* NoteAddNew.swift in Sources */ = {isa = PBXBuildFile; fileRef = B0E5C70F24C377F70004E758 /* NoteAddNew.swift */; };
		B0E6E86D24CDD36000D467AC /* RoundedCorners.swift in Sources */ = {isa = PBXBuildFile; fileRef = B0C1C52424A8BC14007B584B /* RoundedCorners.swift */; };
		B0E6E86F24CDD38500D467AC /* OutlineAndSheetBar.swift in Sources */ = {isa = PBXBuildFile; fileRef = B0E6E86E24CDD38500D467AC /* OutlineAndSheetBar.swift */; };
		B0E6E87324CDD3ED00D467AC /* Outline.swift in Sources */ = {isa = PBXBuildFile; fileRef = B0E6E87124CDD3CC00D467AC /* Outline.swift */; };
		B0F3449F251E00EA002214DF /* DeleteClubChange.swift in Sources */ = {isa = PBXBuildFile; fileRef = B0F3449E251E00EA002214DF /* DeleteClubChange.swift */; };
		B0F4331D2502CA7500B0AAA7 /* HomeViews.swift in Sources */ = {isa = PBXBuildFile; fileRef = B0F4331C2502CA7500B0AAA7 /* HomeViews.swift */; };
		B0F881AA25065B92008304A8 /* ForceSignedOutView.swift in Sources */ = {isa = PBXBuildFile; fileRef = B0F881A925065B92008304A8 /* ForceSignedOutView.swift */; };
		B0F881AC2506874C008304A8 /* SettingsForceSignOut.swift in Sources */ = {isa = PBXBuildFile; fileRef = B0F881AB2506874C008304A8 /* SettingsForceSignOut.swift */; };
		EF23B482BE1B8F69206DAA9F /* Pods_StrafenTests.framework in Frameworks */ = {isa = PBXBuildFile; fileRef = 085A35B45E057FA1E93DE8FF /* Pods_StrafenTests.framework */; };
/* End PBXBuildFile section */

/* Begin PBXContainerItemProxy section */
		B077B57E24CAC655003844CE /* PBXContainerItemProxy */ = {
			isa = PBXContainerItemProxy;
			containerPortal = B0E0F81B24A63E5800C82828 /* Project object */;
			proxyType = 1;
			remoteGlobalIDString = B077B56F24CAC652003844CE;
			remoteInfo = StrafenWidgetExtension;
		};
		B0E0F83524A63E5A00C82828 /* PBXContainerItemProxy */ = {
			isa = PBXContainerItemProxy;
			containerPortal = B0E0F81B24A63E5800C82828 /* Project object */;
			proxyType = 1;
			remoteGlobalIDString = B0E0F82224A63E5800C82828;
			remoteInfo = Strafen;
		};
		B0E0F84024A63E5A00C82828 /* PBXContainerItemProxy */ = {
			isa = PBXContainerItemProxy;
			containerPortal = B0E0F81B24A63E5800C82828 /* Project object */;
			proxyType = 1;
			remoteGlobalIDString = B0E0F82224A63E5800C82828;
			remoteInfo = Strafen;
		};
/* End PBXContainerItemProxy section */

/* Begin PBXCopyFilesBuildPhase section */
		B077B58424CAC655003844CE /* Embed App Extensions */ = {
			isa = PBXCopyFilesBuildPhase;
			buildActionMask = 2147483647;
			dstPath = "";
			dstSubfolderSpec = 13;
			files = (
				B077B58024CAC655003844CE /* StrafenWidgetExtension.appex in Embed App Extensions */,
			);
			name = "Embed App Extensions";
			runOnlyForDeploymentPostprocessing = 0;
		};
/* End PBXCopyFilesBuildPhase section */

/* Begin PBXFileReference section */
		023B8104CAAD7D690BBF2A74 /* Pods_Strafen_StrafenUITests.framework */ = {isa = PBXFileReference; explicitFileType = wrapper.framework; includeInIndex = 0; path = Pods_Strafen_StrafenUITests.framework; sourceTree = BUILT_PRODUCTS_DIR; };
		085A35B45E057FA1E93DE8FF /* Pods_StrafenTests.framework */ = {isa = PBXFileReference; explicitFileType = wrapper.framework; includeInIndex = 0; path = Pods_StrafenTests.framework; sourceTree = BUILT_PRODUCTS_DIR; };
		28520CB35F7960A3527C91CA /* Pods_Strafen.framework */ = {isa = PBXFileReference; explicitFileType = wrapper.framework; includeInIndex = 0; path = Pods_Strafen.framework; sourceTree = BUILT_PRODUCTS_DIR; };
		4FB38E3F4411C19BC6E1867D /* Pods-Strafen-StrafenUITests.release.xcconfig */ = {isa = PBXFileReference; includeInIndex = 1; lastKnownFileType = text.xcconfig; name = "Pods-Strafen-StrafenUITests.release.xcconfig"; path = "Target Support Files/Pods-Strafen-StrafenUITests/Pods-Strafen-StrafenUITests.release.xcconfig"; sourceTree = "<group>"; };
		78EB9FE447514E62AB69E4B9 /* Pods-StrafenTests.release.xcconfig */ = {isa = PBXFileReference; includeInIndex = 1; lastKnownFileType = text.xcconfig; name = "Pods-StrafenTests.release.xcconfig"; path = "Target Support Files/Pods-StrafenTests/Pods-StrafenTests.release.xcconfig"; sourceTree = "<group>"; };
		88841E0B0F47B91B56AC1E05 /* Pods-Strafen.debug.xcconfig */ = {isa = PBXFileReference; includeInIndex = 1; lastKnownFileType = text.xcconfig; name = "Pods-Strafen.debug.xcconfig"; path = "Target Support Files/Pods-Strafen/Pods-Strafen.debug.xcconfig"; sourceTree = "<group>"; };
		9F648314F45F12CD67B093FF /* Pods-StrafenTests.debug.xcconfig */ = {isa = PBXFileReference; includeInIndex = 1; lastKnownFileType = text.xcconfig; name = "Pods-StrafenTests.debug.xcconfig"; path = "Target Support Files/Pods-StrafenTests/Pods-StrafenTests.debug.xcconfig"; sourceTree = "<group>"; };
		B006920524C615D500AE2EF0 /* HomeTabs.swift */ = {isa = PBXFileReference; lastKnownFileType = sourcecode.swift; path = HomeTabs.swift; sourceTree = "<group>"; };
		B016578924C369850012B6AC /* Note.swift */ = {isa = PBXFileReference; lastKnownFileType = sourcecode.swift; path = Note.swift; sourceTree = "<group>"; };
		B02019D324FE779000C660B9 /* SettingsFinesFormatterView.swift */ = {isa = PBXFileReference; lastKnownFileType = sourcecode.swift; path = SettingsFinesFormatterView.swift; sourceTree = "<group>"; };
		B020C7B624AE7204008940FE /* ListFetcher.swift */ = {isa = PBXFileReference; lastKnownFileType = sourcecode.swift; path = ListFetcher.swift; sourceTree = "<group>"; };
		B020C7B924AE744F008940FE /* ListData.swift */ = {isa = PBXFileReference; lastKnownFileType = sourcecode.swift; path = ListData.swift; sourceTree = "<group>"; };
		B020C7BB24AF1AE9008940FE /* ChangerClub.swift */ = {isa = PBXFileReference; lastKnownFileType = sourcecode.swift; path = ChangerClub.swift; sourceTree = "<group>"; };
		B020C7BD24AF1C31008940FE /* PersonLogin.swift */ = {isa = PBXFileReference; lastKnownFileType = sourcecode.swift; path = PersonLogin.swift; sourceTree = "<group>"; };
		B020C7BF24AF7CC6008940FE /* Person.swift */ = {isa = PBXFileReference; lastKnownFileType = sourcecode.swift; path = Person.swift; sourceTree = "<group>"; };
		B020C7C124B0B9D0008940FE /* PersonRowImage.swift */ = {isa = PBXFileReference; lastKnownFileType = sourcecode.swift; path = PersonRowImage.swift; sourceTree = "<group>"; };
		B020C7C324B0C5E6008940FE /* ImageFetcher.swift */ = {isa = PBXFileReference; lastKnownFileType = sourcecode.swift; path = ImageFetcher.swift; sourceTree = "<group>"; };
		B020C7C524B0C8BE008940FE /* ImageData.swift */ = {isa = PBXFileReference; lastKnownFileType = sourcecode.swift; path = ImageData.swift; sourceTree = "<group>"; };
		B020C7C924B1168F008940FE /* RegisterPerson.swift */ = {isa = PBXFileReference; lastKnownFileType = sourcecode.swift; path = RegisterPerson.swift; sourceTree = "<group>"; };
		B020C7CB24B87653008940FE /* Club.swift */ = {isa = PBXFileReference; lastKnownFileType = sourcecode.swift; path = Club.swift; sourceTree = "<group>"; };
		B026766C24BDD346005E79C1 /* AmountDisplay.swift */ = {isa = PBXFileReference; lastKnownFileType = sourcecode.swift; path = AmountDisplay.swift; sourceTree = "<group>"; };
		B0280AB324FFB9D30049202D /* LatePaymentInterestChangerView.swift */ = {isa = PBXFileReference; lastKnownFileType = sourcecode.swift; path = LatePaymentInterestChangerView.swift; sourceTree = "<group>"; };
		B028FD962514EB91007DF006 /* Changer.swift */ = {isa = PBXFileReference; lastKnownFileType = sourcecode.swift; path = Changer.swift; sourceTree = "<group>"; };
		B028FD9925150E5E007DF006 /* ServerListChange.swift */ = {isa = PBXFileReference; lastKnownFileType = sourcecode.swift; path = ServerListChange.swift; sourceTree = "<group>"; };
		B028FD9B25150E77007DF006 /* RegisterPersonChange.swift */ = {isa = PBXFileReference; lastKnownFileType = sourcecode.swift; path = RegisterPersonChange.swift; sourceTree = "<group>"; };
		B028FD9D25150E90007DF006 /* Parameters.swift */ = {isa = PBXFileReference; lastKnownFileType = sourcecode.swift; path = Parameters.swift; sourceTree = "<group>"; };
		B02B891424BDFDA9004562B9 /* SettingsView.swift */ = {isa = PBXFileReference; lastKnownFileType = sourcecode.swift; path = SettingsView.swift; sourceTree = "<group>"; };
		B02EF26F24C497CC00E4CEBC /* NoteEditor.swift */ = {isa = PBXFileReference; lastKnownFileType = sourcecode.swift; path = NoteEditor.swift; sourceTree = "<group>"; };
		B037BCE925419CB4002B81E5 /* SignInEmailView.swift */ = {isa = PBXFileReference; lastKnownFileType = sourcecode.swift; path = SignInEmailView.swift; sourceTree = "<group>"; };
		B042D42D24BA21540029F2D5 /* ListTypes.swift */ = {isa = PBXFileReference; fileEncoding = 4; lastKnownFileType = sourcecode.swift; path = ListTypes.swift; sourceTree = "<group>"; };
		B042D42F24BA42EB0029F2D5 /* TabBar.swift */ = {isa = PBXFileReference; lastKnownFileType = sourcecode.swift; path = TabBar.swift; sourceTree = "<group>"; };
		B042D43224BB19E10029F2D5 /* ProfileDetail.swift */ = {isa = PBXFileReference; lastKnownFileType = sourcecode.swift; path = ProfileDetail.swift; sourceTree = "<group>"; };
		B042D43424BB1B040029F2D5 /* Euro.swift */ = {isa = PBXFileReference; lastKnownFileType = sourcecode.swift; path = Euro.swift; sourceTree = "<group>"; };
		B042D43A24BB27EF0029F2D5 /* FormattedDate.swift */ = {isa = PBXFileReference; lastKnownFileType = sourcecode.swift; path = FormattedDate.swift; sourceTree = "<group>"; };
		B042D43C24BB2BBD0029F2D5 /* Array.swift */ = {isa = PBXFileReference; lastKnownFileType = sourcecode.swift; path = Array.swift; sourceTree = "<group>"; };
		B042D43F24BB5B420029F2D5 /* PersonList.swift */ = {isa = PBXFileReference; lastKnownFileType = sourcecode.swift; path = PersonList.swift; sourceTree = "<group>"; };
		B042D44124BB61810029F2D5 /* SearchBar.swift */ = {isa = PBXFileReference; lastKnownFileType = sourcecode.swift; path = SearchBar.swift; sourceTree = "<group>"; };
		B042D44424BCD80B0029F2D5 /* PersonDetail.swift */ = {isa = PBXFileReference; lastKnownFileType = sourcecode.swift; path = PersonDetail.swift; sourceTree = "<group>"; };
		B042D44624BDAB280029F2D5 /* ActivityView.swift */ = {isa = PBXFileReference; lastKnownFileType = sourcecode.swift; path = ActivityView.swift; sourceTree = "<group>"; };
		B04B71EA24CE18560038B02F /* TestContent.swift */ = {isa = PBXFileReference; lastKnownFileType = sourcecode.swift; path = TestContent.swift; sourceTree = "<group>"; };
		B04B71ED24CEDA9C0038B02F /* MediumWidgetSuccess.swift */ = {isa = PBXFileReference; lastKnownFileType = sourcecode.swift; path = MediumWidgetSuccess.swift; sourceTree = "<group>"; };
		B04B71EF24CEDAAA0038B02F /* MediumWidgetNoConnection.swift */ = {isa = PBXFileReference; lastKnownFileType = sourcecode.swift; path = MediumWidgetNoConnection.swift; sourceTree = "<group>"; };
		B04B71F124CEDABC0038B02F /* MediumWidgetNoPersonLoggedIn.swift */ = {isa = PBXFileReference; lastKnownFileType = sourcecode.swift; path = MediumWidgetNoPersonLoggedIn.swift; sourceTree = "<group>"; };
		B04B71F424CF36AE0038B02F /* LargeWidgetSuccess.swift */ = {isa = PBXFileReference; lastKnownFileType = sourcecode.swift; path = LargeWidgetSuccess.swift; sourceTree = "<group>"; };
		B04B71F624CF36B90038B02F /* LargeWidgetNoConnection.swift */ = {isa = PBXFileReference; lastKnownFileType = sourcecode.swift; path = LargeWidgetNoConnection.swift; sourceTree = "<group>"; };
		B04B71F824CF36C30038B02F /* LargeWidgetNoPersonLoggedIn.swift */ = {isa = PBXFileReference; lastKnownFileType = sourcecode.swift; path = LargeWidgetNoPersonLoggedIn.swift; sourceTree = "<group>"; };
		B05C32E625388637004E9923 /* NecessaryObjects.swift */ = {isa = PBXFileReference; lastKnownFileType = sourcecode.swift; path = NecessaryObjects.swift; sourceTree = "<group>"; };
		B05C3316253B6AEE004E9923 /* SignInCache.swift */ = {isa = PBXFileReference; lastKnownFileType = sourcecode.swift; path = SignInCache.swift; sourceTree = "<group>"; };
		B05C331C253B6B0F004E9923 /* SignInCacheView.swift */ = {isa = PBXFileReference; lastKnownFileType = sourcecode.swift; path = SignInCacheView.swift; sourceTree = "<group>"; };
		B05C332F253C3597004E9923 /* LoginView.swift */ = {isa = PBXFileReference; lastKnownFileType = sourcecode.swift; path = LoginView.swift; sourceTree = "<group>"; };
		B05FA5C02528D39E00CEBA5A /* GoogleService-Info.plist */ = {isa = PBXFileReference; fileEncoding = 4; lastKnownFileType = text.plist.xml; path = "GoogleService-Info.plist"; sourceTree = "<group>"; };
		B061752D24CB471600382D9C /* SmallWidget.swift */ = {isa = PBXFileReference; lastKnownFileType = sourcecode.swift; path = SmallWidget.swift; sourceTree = "<group>"; };
		B061752F24CB472300382D9C /* MediumWidget.swift */ = {isa = PBXFileReference; lastKnownFileType = sourcecode.swift; path = MediumWidget.swift; sourceTree = "<group>"; };
		B061753124CB473200382D9C /* LargeWidget.swift */ = {isa = PBXFileReference; lastKnownFileType = sourcecode.swift; path = LargeWidget.swift; sourceTree = "<group>"; };
		B061754024CC639400382D9C /* Extensions.swift */ = {isa = PBXFileReference; lastKnownFileType = sourcecode.swift; path = Extensions.swift; sourceTree = "<group>"; };
		B061754324CC658200382D9C /* WidgetUrls.swift */ = {isa = PBXFileReference; lastKnownFileType = sourcecode.swift; path = WidgetUrls.swift; sourceTree = "<group>"; };
		B0619BFA24C0B62B008969A1 /* PersonEditor.swift */ = {isa = PBXFileReference; lastKnownFileType = sourcecode.swift; path = PersonEditor.swift; sourceTree = "<group>"; };
		B0619BFD24C0B999008969A1 /* PersonFineEditor.swift */ = {isa = PBXFileReference; lastKnownFileType = sourcecode.swift; path = PersonFineEditor.swift; sourceTree = "<group>"; };
		B0619BFF24C0BD16008969A1 /* ImportanceChanger.swift */ = {isa = PBXFileReference; lastKnownFileType = sourcecode.swift; path = ImportanceChanger.swift; sourceTree = "<group>"; };
		B0619C0124C0C1E2008969A1 /* String.swift */ = {isa = PBXFileReference; lastKnownFileType = sourcecode.swift; path = String.swift; sourceTree = "<group>"; };
		B0619C0324C186FC008969A1 /* PersonFineTemplate.swift */ = {isa = PBXFileReference; lastKnownFileType = sourcecode.swift; path = PersonFineTemplate.swift; sourceTree = "<group>"; };
		B0619C0724C1CAB9008969A1 /* CustomDatePicker.swift */ = {isa = PBXFileReference; lastKnownFileType = sourcecode.swift; path = CustomDatePicker.swift; sourceTree = "<group>"; };
		B0619C0924C1E62C008969A1 /* PersonFineAdvanced.swift */ = {isa = PBXFileReference; lastKnownFileType = sourcecode.swift; path = PersonFineAdvanced.swift; sourceTree = "<group>"; };
		B0619C0C24C20C4B008969A1 /* ReasonList.swift */ = {isa = PBXFileReference; lastKnownFileType = sourcecode.swift; path = ReasonList.swift; sourceTree = "<group>"; };
		B0619C0E24C20EAA008969A1 /* ReasonAddNew.swift */ = {isa = PBXFileReference; lastKnownFileType = sourcecode.swift; path = ReasonAddNew.swift; sourceTree = "<group>"; };
		B0619C1024C21463008969A1 /* ReasonEditor.swift */ = {isa = PBXFileReference; lastKnownFileType = sourcecode.swift; path = ReasonEditor.swift; sourceTree = "<group>"; };
		B0619C1324C21958008969A1 /* AddNewFine.swift */ = {isa = PBXFileReference; lastKnownFileType = sourcecode.swift; path = AddNewFine.swift; sourceTree = "<group>"; };
		B0619C1524C236C2008969A1 /* AddNewFinePerson.swift */ = {isa = PBXFileReference; lastKnownFileType = sourcecode.swift; path = AddNewFinePerson.swift; sourceTree = "<group>"; };
		B0619C1724C23910008969A1 /* AddNewFineReason.swift */ = {isa = PBXFileReference; lastKnownFileType = sourcecode.swift; path = AddNewFineReason.swift; sourceTree = "<group>"; };
		B0619C1A24C363DE008969A1 /* NoteList.swift */ = {isa = PBXFileReference; lastKnownFileType = sourcecode.swift; path = NoteList.swift; sourceTree = "<group>"; };
		B0675AF725167621006357F8 /* ChangerTests.swift */ = {isa = PBXFileReference; lastKnownFileType = sourcecode.swift; path = ChangerTests.swift; sourceTree = "<group>"; };
		B06FECF3251642CD00893DF9 /* NewClubChange.swift */ = {isa = PBXFileReference; lastKnownFileType = sourcecode.swift; path = NewClubChange.swift; sourceTree = "<group>"; };
		B06FECF5251644CA00893DF9 /* ForceSignOutChange.swift */ = {isa = PBXFileReference; lastKnownFileType = sourcecode.swift; path = ForceSignOutChange.swift; sourceTree = "<group>"; };
		B06FECF72516466500893DF9 /* LatePaymentInterestChange.swift */ = {isa = PBXFileReference; lastKnownFileType = sourcecode.swift; path = LatePaymentInterestChange.swift; sourceTree = "<group>"; };
		B06FECF925164D8B00893DF9 /* SendCodeMailChange.swift */ = {isa = PBXFileReference; lastKnownFileType = sourcecode.swift; path = SendCodeMailChange.swift; sourceTree = "<group>"; };
		B06FECFB2516587F00893DF9 /* PersonImageChange.swift */ = {isa = PBXFileReference; lastKnownFileType = sourcecode.swift; path = PersonImageChange.swift; sourceTree = "<group>"; };
		B06FECFD25165B8E00893DF9 /* ClubImageChange.swift */ = {isa = PBXFileReference; lastKnownFileType = sourcecode.swift; path = ClubImageChange.swift; sourceTree = "<group>"; };
		B077B57024CAC652003844CE /* StrafenWidgetExtension.appex */ = {isa = PBXFileReference; explicitFileType = "wrapper.app-extension"; includeInIndex = 0; path = StrafenWidgetExtension.appex; sourceTree = BUILT_PRODUCTS_DIR; };
		B077B57124CAC652003844CE /* WidgetKit.framework */ = {isa = PBXFileReference; lastKnownFileType = wrapper.framework; name = WidgetKit.framework; path = System/Library/Frameworks/WidgetKit.framework; sourceTree = SDKROOT; };
		B077B57324CAC652003844CE /* SwiftUI.framework */ = {isa = PBXFileReference; lastKnownFileType = wrapper.framework; name = SwiftUI.framework; path = System/Library/Frameworks/SwiftUI.framework; sourceTree = SDKROOT; };
		B077B57624CAC652003844CE /* StrafenWidget.swift */ = {isa = PBXFileReference; lastKnownFileType = sourcecode.swift; path = StrafenWidget.swift; sourceTree = "<group>"; };
		B077B57924CAC655003844CE /* Assets.xcassets */ = {isa = PBXFileReference; lastKnownFileType = folder.assetcatalog; path = Assets.xcassets; sourceTree = "<group>"; };
		B077B57B24CAC655003844CE /* Info.plist */ = {isa = PBXFileReference; lastKnownFileType = text.plist.xml; path = Info.plist; sourceTree = "<group>"; };
		B077B58824CAC9E9003844CE /* Strafen.entitlements */ = {isa = PBXFileReference; lastKnownFileType = text.plist.entitlements; path = Strafen.entitlements; sourceTree = "<group>"; };
		B077B58924CACA78003844CE /* StrafenWidgetExtension.entitlements */ = {isa = PBXFileReference; lastKnownFileType = text.plist.entitlements; path = StrafenWidgetExtension.entitlements; sourceTree = "<group>"; };
		B077B58C24CB06FE003844CE /* Provider.swift */ = {isa = PBXFileReference; lastKnownFileType = sourcecode.swift; path = Provider.swift; sourceTree = "<group>"; };
		B077B59624CB0801003844CE /* WidgetView.swift */ = {isa = PBXFileReference; lastKnownFileType = sourcecode.swift; path = WidgetView.swift; sourceTree = "<group>"; };
		B07938D524BEF4C300F86E86 /* PersonFineDetail.swift */ = {isa = PBXFileReference; lastKnownFileType = sourcecode.swift; path = PersonFineDetail.swift; sourceTree = "<group>"; };
		B07938D724BF037900F86E86 /* PersonAddNew.swift */ = {isa = PBXFileReference; lastKnownFileType = sourcecode.swift; path = PersonAddNew.swift; sourceTree = "<group>"; };
		B0A385AF24ABC21C00628038 /* SignInEMailValidationView2.swift */ = {isa = PBXFileReference; lastKnownFileType = sourcecode.swift; path = SignInEMailValidationView2.swift; sourceTree = "<group>"; };
		B0B117CB24FA962C006A22F2 /* SignInWithApple.swift */ = {isa = PBXFileReference; lastKnownFileType = sourcecode.swift; path = SignInWithApple.swift; sourceTree = "<group>"; };
		B0B4821F24A8D46B00CB7A1A /* Header.swift */ = {isa = PBXFileReference; lastKnownFileType = sourcecode.swift; path = Header.swift; sourceTree = "<group>"; };
		B0B4822124A8D61300CB7A1A /* CustomTextField.swift */ = {isa = PBXFileReference; lastKnownFileType = sourcecode.swift; path = CustomTextField.swift; sourceTree = "<group>"; };
		B0B4822324A8D69E00CB7A1A /* Buttons.swift */ = {isa = PBXFileReference; lastKnownFileType = sourcecode.swift; path = Buttons.swift; sourceTree = "<group>"; };
		B0B799C924AC96560027727E /* SignInNewClubView2.swift */ = {isa = PBXFileReference; lastKnownFileType = sourcecode.swift; path = SignInNewClubView2.swift; sourceTree = "<group>"; };
		B0B799CB24ACA1990027727E /* ImageSelector.swift */ = {isa = PBXFileReference; lastKnownFileType = sourcecode.swift; path = ImageSelector.swift; sourceTree = "<group>"; };
		B0B799D224AE64770027727E /* SignInSelectPersonView2.swift */ = {isa = PBXFileReference; lastKnownFileType = sourcecode.swift; path = SignInSelectPersonView2.swift; sourceTree = "<group>"; };
		B0B81DC02502520E00249447 /* CodableSettings.swift */ = {isa = PBXFileReference; lastKnownFileType = sourcecode.swift; path = CodableSettings.swift; sourceTree = "<group>"; };
		B0B81DC22502522600249447 /* Settings+Style.swift */ = {isa = PBXFileReference; lastKnownFileType = sourcecode.swift; path = "Settings+Style.swift"; sourceTree = "<group>"; };
		B0B81DC42502523100249447 /* Settings+Appereance.swift */ = {isa = PBXFileReference; lastKnownFileType = sourcecode.swift; path = "Settings+Appereance.swift"; sourceTree = "<group>"; };
		B0B81DC62502524000249447 /* Settings+Person.swift */ = {isa = PBXFileReference; lastKnownFileType = sourcecode.swift; path = "Settings+Person.swift"; sourceTree = "<group>"; };
		B0B81DC82502525500249447 /* Settings+LatePaymentInterest.swift */ = {isa = PBXFileReference; lastKnownFileType = sourcecode.swift; path = "Settings+LatePaymentInterest.swift"; sourceTree = "<group>"; };
		B0BE62D424AB50FF0018604C /* SignInView2.swift */ = {isa = PBXFileReference; lastKnownFileType = sourcecode.swift; path = SignInView2.swift; sourceTree = "<group>"; };
		B0BE62D624AB58AE0018604C /* SignInEMailView2.swift */ = {isa = PBXFileReference; lastKnownFileType = sourcecode.swift; path = SignInEMailView2.swift; sourceTree = "<group>"; };
		B0C1C51424A78BD7007B584B /* LoginEntryView.swift */ = {isa = PBXFileReference; lastKnownFileType = sourcecode.swift; path = LoginEntryView.swift; sourceTree = "<group>"; };
		B0C1C51824A78C90007B584B /* Color.swift */ = {isa = PBXFileReference; lastKnownFileType = sourcecode.swift; path = Color.swift; sourceTree = "<group>"; };
		B0C1C51A24A78CC2007B584B /* Settings.swift */ = {isa = PBXFileReference; lastKnownFileType = sourcecode.swift; path = Settings.swift; sourceTree = "<group>"; };
		B0C1C51C24A7910F007B584B /* AppUrls.swift */ = {isa = PBXFileReference; lastKnownFileType = sourcecode.swift; path = AppUrls.swift; sourceTree = "<group>"; };
		B0C1C51F24A79328007B584B /* Constants.swift */ = {isa = PBXFileReference; lastKnownFileType = sourcecode.swift; path = Constants.swift; sourceTree = "<group>"; };
		B0C1C52124A7A021007B584B /* PersonName.swift */ = {isa = PBXFileReference; lastKnownFileType = sourcecode.swift; path = PersonName.swift; sourceTree = "<group>"; };
		B0C1C52424A8BC14007B584B /* RoundedCorners.swift */ = {isa = PBXFileReference; lastKnownFileType = sourcecode.swift; path = RoundedCorners.swift; sourceTree = "<group>"; };
		B0C1C52624A8BEE6007B584B /* Other.swift */ = {isa = PBXFileReference; lastKnownFileType = sourcecode.swift; path = Other.swift; sourceTree = "<group>"; };
		B0C554042505646400BA3E26 /* AppDelegate.swift */ = {isa = PBXFileReference; lastKnownFileType = sourcecode.swift; path = AppDelegate.swift; sourceTree = "<group>"; };
		B0C5540625056A0F00BA3E26 /* ExecuteOnlyOnce.swift */ = {isa = PBXFileReference; lastKnownFileType = sourcecode.swift; path = ExecuteOnlyOnce.swift; sourceTree = "<group>"; };
		B0DE1CBA24C44D61006CCFE9 /* LocalListChanger.swift */ = {isa = PBXFileReference; lastKnownFileType = sourcecode.swift; path = LocalListChanger.swift; sourceTree = "<group>"; };
		B0DE1CBC24C48FB3006CCFE9 /* NoteDetail.swift */ = {isa = PBXFileReference; lastKnownFileType = sourcecode.swift; path = NoteDetail.swift; sourceTree = "<group>"; };
		B0E0F82324A63E5800C82828 /* Strafen.app */ = {isa = PBXFileReference; explicitFileType = wrapper.application; includeInIndex = 0; path = Strafen.app; sourceTree = BUILT_PRODUCTS_DIR; };
		B0E0F82624A63E5800C82828 /* StrafenApp.swift */ = {isa = PBXFileReference; lastKnownFileType = sourcecode.swift; path = StrafenApp.swift; sourceTree = "<group>"; };
		B0E0F82824A63E5800C82828 /* ContentView.swift */ = {isa = PBXFileReference; lastKnownFileType = sourcecode.swift; path = ContentView.swift; sourceTree = "<group>"; };
		B0E0F82A24A63E5A00C82828 /* Assets.xcassets */ = {isa = PBXFileReference; lastKnownFileType = folder.assetcatalog; path = Assets.xcassets; sourceTree = "<group>"; };
		B0E0F82D24A63E5A00C82828 /* Preview Assets.xcassets */ = {isa = PBXFileReference; lastKnownFileType = folder.assetcatalog; path = "Preview Assets.xcassets"; sourceTree = "<group>"; };
		B0E0F82F24A63E5A00C82828 /* Info.plist */ = {isa = PBXFileReference; lastKnownFileType = text.plist.xml; path = Info.plist; sourceTree = "<group>"; };
		B0E0F83424A63E5A00C82828 /* StrafenTests.xctest */ = {isa = PBXFileReference; explicitFileType = wrapper.cfbundle; includeInIndex = 0; path = StrafenTests.xctest; sourceTree = BUILT_PRODUCTS_DIR; };
		B0E0F83824A63E5A00C82828 /* StrafenTests.swift */ = {isa = PBXFileReference; lastKnownFileType = sourcecode.swift; path = StrafenTests.swift; sourceTree = "<group>"; };
		B0E0F83A24A63E5A00C82828 /* Info.plist */ = {isa = PBXFileReference; lastKnownFileType = text.plist.xml; path = Info.plist; sourceTree = "<group>"; };
		B0E0F83F24A63E5A00C82828 /* StrafenUITests.xctest */ = {isa = PBXFileReference; explicitFileType = wrapper.cfbundle; includeInIndex = 0; path = StrafenUITests.xctest; sourceTree = BUILT_PRODUCTS_DIR; };
		B0E0F84324A63E5A00C82828 /* StrafenUITests.swift */ = {isa = PBXFileReference; lastKnownFileType = sourcecode.swift; path = StrafenUITests.swift; sourceTree = "<group>"; };
		B0E0F84524A63E5A00C82828 /* Info.plist */ = {isa = PBXFileReference; lastKnownFileType = text.plist.xml; path = Info.plist; sourceTree = "<group>"; };
		B0E2C18D24CC65F9009E3666 /* WidgetListTypes.swift */ = {isa = PBXFileReference; lastKnownFileType = sourcecode.swift; path = WidgetListTypes.swift; sourceTree = "<group>"; };
		B0E2C19024CC661F009E3666 /* Fine.swift */ = {isa = PBXFileReference; fileEncoding = 4; lastKnownFileType = sourcecode.swift; path = Fine.swift; sourceTree = "<group>"; };
		B0E2C19124CC6620009E3666 /* Reason.swift */ = {isa = PBXFileReference; fileEncoding = 4; lastKnownFileType = sourcecode.swift; path = Reason.swift; sourceTree = "<group>"; };
		B0E2C1A224CC6815009E3666 /* WidgetReason.swift */ = {isa = PBXFileReference; lastKnownFileType = sourcecode.swift; path = WidgetReason.swift; sourceTree = "<group>"; };
		B0E2C1A624CC6872009E3666 /* WidgetFine.swift */ = {isa = PBXFileReference; lastKnownFileType = sourcecode.swift; path = WidgetFine.swift; sourceTree = "<group>"; };
		B0E2C1AA24CC6C15009E3666 /* WidgetListFetcher.swift */ = {isa = PBXFileReference; lastKnownFileType = sourcecode.swift; path = WidgetListFetcher.swift; sourceTree = "<group>"; };
		B0E2C1AE24CDB646009E3666 /* SmallWidgetSuccess.swift */ = {isa = PBXFileReference; lastKnownFileType = sourcecode.swift; path = SmallWidgetSuccess.swift; sourceTree = "<group>"; };
		B0E2C1B024CDB653009E3666 /* SmallWidgetNoConnection.swift */ = {isa = PBXFileReference; lastKnownFileType = sourcecode.swift; path = SmallWidgetNoConnection.swift; sourceTree = "<group>"; };
		B0E2C1B224CDB661009E3666 /* SmallWidgetNoPersonLoggedIn.swift */ = {isa = PBXFileReference; lastKnownFileType = sourcecode.swift; path = SmallWidgetNoPersonLoggedIn.swift; sourceTree = "<group>"; };
		B0E50C9E253DCC44008C7E84 /* SignInView.swift */ = {isa = PBXFileReference; lastKnownFileType = sourcecode.swift; path = SignInView.swift; sourceTree = "<group>"; };
		B0E50D1225418D37008C7E84 /* KeyboardAdaptive.swift */ = {isa = PBXFileReference; lastKnownFileType = sourcecode.swift; path = KeyboardAdaptive.swift; sourceTree = "<group>"; };
		B0E5C70F24C377F70004E758 /* NoteAddNew.swift */ = {isa = PBXFileReference; lastKnownFileType = sourcecode.swift; path = NoteAddNew.swift; sourceTree = "<group>"; };
		B0E6E86E24CDD38500D467AC /* OutlineAndSheetBar.swift */ = {isa = PBXFileReference; lastKnownFileType = sourcecode.swift; path = OutlineAndSheetBar.swift; sourceTree = "<group>"; };
		B0E6E87124CDD3CC00D467AC /* Outline.swift */ = {isa = PBXFileReference; lastKnownFileType = sourcecode.swift; path = Outline.swift; sourceTree = "<group>"; };
		B0F3449E251E00EA002214DF /* DeleteClubChange.swift */ = {isa = PBXFileReference; lastKnownFileType = sourcecode.swift; path = DeleteClubChange.swift; sourceTree = "<group>"; };
		B0F4331C2502CA7500B0AAA7 /* HomeViews.swift */ = {isa = PBXFileReference; lastKnownFileType = sourcecode.swift; path = HomeViews.swift; sourceTree = "<group>"; };
		B0F881A925065B92008304A8 /* ForceSignedOutView.swift */ = {isa = PBXFileReference; lastKnownFileType = sourcecode.swift; path = ForceSignedOutView.swift; sourceTree = "<group>"; };
		B0F881AB2506874C008304A8 /* SettingsForceSignOut.swift */ = {isa = PBXFileReference; lastKnownFileType = sourcecode.swift; path = SettingsForceSignOut.swift; sourceTree = "<group>"; };
		C48AEE77D98866AC072A2AD1 /* Pods-Strafen-StrafenUITests.debug.xcconfig */ = {isa = PBXFileReference; includeInIndex = 1; lastKnownFileType = text.xcconfig; name = "Pods-Strafen-StrafenUITests.debug.xcconfig"; path = "Target Support Files/Pods-Strafen-StrafenUITests/Pods-Strafen-StrafenUITests.debug.xcconfig"; sourceTree = "<group>"; };
		E4A36A38D3FB33CF3F264FBB /* Pods-Strafen.release.xcconfig */ = {isa = PBXFileReference; includeInIndex = 1; lastKnownFileType = text.xcconfig; name = "Pods-Strafen.release.xcconfig"; path = "Target Support Files/Pods-Strafen/Pods-Strafen.release.xcconfig"; sourceTree = "<group>"; };
/* End PBXFileReference section */

/* Begin PBXFrameworksBuildPhase section */
		B077B56D24CAC652003844CE /* Frameworks */ = {
			isa = PBXFrameworksBuildPhase;
			buildActionMask = 2147483647;
			files = (
				B077B57424CAC652003844CE /* SwiftUI.framework in Frameworks */,
				B077B57224CAC652003844CE /* WidgetKit.framework in Frameworks */,
			);
			runOnlyForDeploymentPostprocessing = 0;
		};
		B0E0F82024A63E5800C82828 /* Frameworks */ = {
			isa = PBXFrameworksBuildPhase;
			buildActionMask = 2147483647;
			files = (
				67CDD1AB6A3BBA7C38C64532 /* Pods_Strafen.framework in Frameworks */,
			);
			runOnlyForDeploymentPostprocessing = 0;
		};
		B0E0F83124A63E5A00C82828 /* Frameworks */ = {
			isa = PBXFrameworksBuildPhase;
			buildActionMask = 2147483647;
			files = (
				EF23B482BE1B8F69206DAA9F /* Pods_StrafenTests.framework in Frameworks */,
			);
			runOnlyForDeploymentPostprocessing = 0;
		};
		B0E0F83C24A63E5A00C82828 /* Frameworks */ = {
			isa = PBXFrameworksBuildPhase;
			buildActionMask = 2147483647;
			files = (
				A6F6A1A6B349D262998E8993 /* Pods_Strafen_StrafenUITests.framework in Frameworks */,
			);
			runOnlyForDeploymentPostprocessing = 0;
		};
/* End PBXFrameworksBuildPhase section */

/* Begin PBXGroup section */
		2894790FDA740B7584F98E3A /* Pods */ = {
			isa = PBXGroup;
			children = (
				88841E0B0F47B91B56AC1E05 /* Pods-Strafen.debug.xcconfig */,
				E4A36A38D3FB33CF3F264FBB /* Pods-Strafen.release.xcconfig */,
				C48AEE77D98866AC072A2AD1 /* Pods-Strafen-StrafenUITests.debug.xcconfig */,
				4FB38E3F4411C19BC6E1867D /* Pods-Strafen-StrafenUITests.release.xcconfig */,
				9F648314F45F12CD67B093FF /* Pods-StrafenTests.debug.xcconfig */,
				78EB9FE447514E62AB69E4B9 /* Pods-StrafenTests.release.xcconfig */,
			);
			path = Pods;
			sourceTree = "<group>";
		};
		34A98CC1D11C4E2F86F36E33 /* Frameworks */ = {
			isa = PBXGroup;
			children = (
				28520CB35F7960A3527C91CA /* Pods_Strafen.framework */,
				023B8104CAAD7D690BBF2A74 /* Pods_Strafen_StrafenUITests.framework */,
				085A35B45E057FA1E93DE8FF /* Pods_StrafenTests.framework */,
				B077B57124CAC652003844CE /* WidgetKit.framework */,
				B077B57324CAC652003844CE /* SwiftUI.framework */,
			);
			name = Frameworks;
			sourceTree = "<group>";
		};
		B020C7B524AE71EE008940FE /* Fetcher */ = {
			isa = PBXGroup;
			children = (
				B020C7B624AE7204008940FE /* ListFetcher.swift */,
				B020C7C324B0C5E6008940FE /* ImageFetcher.swift */,
			);
			path = Fetcher;
			sourceTree = "<group>";
		};
		B020C7B824AE743F008940FE /* FetchedData */ = {
			isa = PBXGroup;
			children = (
				B020C7B924AE744F008940FE /* ListData.swift */,
				B020C7C524B0C8BE008940FE /* ImageData.swift */,
			);
			path = FetchedData;
			sourceTree = "<group>";
		};
		B020C7D124BA2111008940FE /* ListTypes */ = {
			isa = PBXGroup;
			children = (
				B042D42D24BA21540029F2D5 /* ListTypes.swift */,
				B020C7CB24B87653008940FE /* Club.swift */,
				B020C7BF24AF7CC6008940FE /* Person.swift */,
				B0E2C19124CC6620009E3666 /* Reason.swift */,
				B0E2C19024CC661F009E3666 /* Fine.swift */,
				B016578924C369850012B6AC /* Note.swift */,
			);
			path = ListTypes;
			sourceTree = "<group>";
		};
		B028FD9825150E49007DF006 /* ChangeableItems */ = {
			isa = PBXGroup;
			children = (
				B06FECFD25165B8E00893DF9 /* ClubImageChange.swift */,
				B0F3449E251E00EA002214DF /* DeleteClubChange.swift */,
				B06FECF5251644CA00893DF9 /* ForceSignOutChange.swift */,
				B06FECF72516466500893DF9 /* LatePaymentInterestChange.swift */,
				B06FECF3251642CD00893DF9 /* NewClubChange.swift */,
				B06FECFB2516587F00893DF9 /* PersonImageChange.swift */,
				B028FD9B25150E77007DF006 /* RegisterPersonChange.swift */,
				B028FD9925150E5E007DF006 /* ServerListChange.swift */,
				B06FECF925164D8B00893DF9 /* SendCodeMailChange.swift */,
			);
			path = ChangeableItems;
			sourceTree = "<group>";
		};
		B02B891324BDFD93004562B9 /* Settings */ = {
			isa = PBXGroup;
			children = (
				B02B891424BDFDA9004562B9 /* SettingsView.swift */,
				B0280AB324FFB9D30049202D /* LatePaymentInterestChangerView.swift */,
				B02019D324FE779000C660B9 /* SettingsFinesFormatterView.swift */,
				B0F881AB2506874C008304A8 /* SettingsForceSignOut.swift */,
			);
			path = Settings;
			sourceTree = "<group>";
		};
		B042D43124BB19CC0029F2D5 /* ProfileDetail */ = {
			isa = PBXGroup;
			children = (
				B042D43224BB19E10029F2D5 /* ProfileDetail.swift */,
			);
			path = ProfileDetail;
			sourceTree = "<group>";
		};
		B042D43E24BB5B290029F2D5 /* PersonList */ = {
			isa = PBXGroup;
			children = (
				B042D43F24BB5B420029F2D5 /* PersonList.swift */,
				B042D44324BCD7FD0029F2D5 /* PersonDetail */,
				B07938D724BF037900F86E86 /* PersonAddNew.swift */,
			);
			path = PersonList;
			sourceTree = "<group>";
		};
		B042D44324BCD7FD0029F2D5 /* PersonDetail */ = {
			isa = PBXGroup;
			children = (
				B042D44424BCD80B0029F2D5 /* PersonDetail.swift */,
				B07938D424BEF4AF00F86E86 /* PersonFineDetail */,
				B0619BFA24C0B62B008969A1 /* PersonEditor.swift */,
			);
			path = PersonDetail;
			sourceTree = "<group>";
		};
		B04B71EC24CEDA7F0038B02F /* MediumWidget */ = {
			isa = PBXGroup;
			children = (
				B061752F24CB472300382D9C /* MediumWidget.swift */,
				B04B71ED24CEDA9C0038B02F /* MediumWidgetSuccess.swift */,
				B04B71EF24CEDAAA0038B02F /* MediumWidgetNoConnection.swift */,
				B04B71F124CEDABC0038B02F /* MediumWidgetNoPersonLoggedIn.swift */,
			);
			path = MediumWidget;
			sourceTree = "<group>";
		};
		B04B71F324CF366F0038B02F /* LargeWidget */ = {
			isa = PBXGroup;
			children = (
				B061753124CB473200382D9C /* LargeWidget.swift */,
				B04B71F424CF36AE0038B02F /* LargeWidgetSuccess.swift */,
				B04B71F624CF36B90038B02F /* LargeWidgetNoConnection.swift */,
				B04B71F824CF36C30038B02F /* LargeWidgetNoPersonLoggedIn.swift */,
			);
			path = LargeWidget;
			sourceTree = "<group>";
		};
		B05C332A253B7012004E9923 /* New Group */ = {
			isa = PBXGroup;
			children = (
				B0BE62D424AB50FF0018604C /* SignInView2.swift */,
				B0BE62D624AB58AE0018604C /* SignInEMailView2.swift */,
				B0A385AF24ABC21C00628038 /* SignInEMailValidationView2.swift */,
				B0B799C924AC96560027727E /* SignInNewClubView2.swift */,
				B0B799D224AE64770027727E /* SignInSelectPersonView2.swift */,
			);
			path = "New Group";
			sourceTree = "<group>";
		};
		B061752C24CB46FF00382D9C /* WidgetViews */ = {
			isa = PBXGroup;
			children = (
				B077B59624CB0801003844CE /* WidgetView.swift */,
				B0E2C1AD24CDB62F009E3666 /* SmallWidget */,
				B04B71EC24CEDA7F0038B02F /* MediumWidget */,
				B04B71F324CF366F0038B02F /* LargeWidget */,
			);
			path = WidgetViews;
			sourceTree = "<group>";
		};
		B061753324CB4A1600382D9C /* ListTypes */ = {
			isa = PBXGroup;
			children = (
				B0E2C18D24CC65F9009E3666 /* WidgetListTypes.swift */,
				B0E2C1A224CC6815009E3666 /* WidgetReason.swift */,
				B0E2C1A624CC6872009E3666 /* WidgetFine.swift */,
			);
			path = ListTypes;
			sourceTree = "<group>";
		};
		B061753C24CB4A8600382D9C /* Utilities */ = {
			isa = PBXGroup;
			children = (
				B061754024CC639400382D9C /* Extensions.swift */,
				B077B58C24CB06FE003844CE /* Provider.swift */,
				B04B71EA24CE18560038B02F /* TestContent.swift */,
				B0E2C1AA24CC6C15009E3666 /* WidgetListFetcher.swift */,
				B061754324CC658200382D9C /* WidgetUrls.swift */,
			);
			path = Utilities;
			sourceTree = "<group>";
		};
		B0619BFC24C0B981008969A1 /* PersonFineEditor */ = {
			isa = PBXGroup;
			children = (
				B0619BFD24C0B999008969A1 /* PersonFineEditor.swift */,
				B0619C0924C1E62C008969A1 /* PersonFineAdvanced.swift */,
				B0619C0324C186FC008969A1 /* PersonFineTemplate.swift */,
			);
			path = PersonFineEditor;
			sourceTree = "<group>";
		};
		B0619C0B24C20C3A008969A1 /* ReasonList */ = {
			isa = PBXGroup;
			children = (
				B0619C0C24C20C4B008969A1 /* ReasonList.swift */,
				B0619C0E24C20EAA008969A1 /* ReasonAddNew.swift */,
				B0619C1024C21463008969A1 /* ReasonEditor.swift */,
			);
			path = ReasonList;
			sourceTree = "<group>";
		};
		B0619C1224C21947008969A1 /* AddNewFine */ = {
			isa = PBXGroup;
			children = (
				B0619C1324C21958008969A1 /* AddNewFine.swift */,
				B0619C1524C236C2008969A1 /* AddNewFinePerson.swift */,
				B0619C1724C23910008969A1 /* AddNewFineReason.swift */,
			);
			path = AddNewFine;
			sourceTree = "<group>";
		};
		B0619C1924C363CD008969A1 /* Notes */ = {
			isa = PBXGroup;
			children = (
				B0619C1A24C363DE008969A1 /* NoteList.swift */,
				B0DE1CBC24C48FB3006CCFE9 /* NoteDetail.swift */,
				B02EF26F24C497CC00E4CEBC /* NoteEditor.swift */,
				B0E5C70F24C377F70004E758 /* NoteAddNew.swift */,
			);
			path = Notes;
			sourceTree = "<group>";
		};
		B077B57524CAC652003844CE /* StrafenWidget */ = {
			isa = PBXGroup;
			children = (
				B077B58B24CAE7A2003844CE /* Controller */,
				B077B57624CAC652003844CE /* StrafenWidget.swift */,
				B061752C24CB46FF00382D9C /* WidgetViews */,
				B0E6E87024CDD3BB00D467AC /* HelpfulViews */,
				B061753324CB4A1600382D9C /* ListTypes */,
				B061753C24CB4A8600382D9C /* Utilities */,
			);
			path = StrafenWidget;
			sourceTree = "<group>";
		};
		B077B58B24CAE7A2003844CE /* Controller */ = {
			isa = PBXGroup;
			children = (
				B077B58924CACA78003844CE /* StrafenWidgetExtension.entitlements */,
				B077B57924CAC655003844CE /* Assets.xcassets */,
				B077B57B24CAC655003844CE /* Info.plist */,
			);
			path = Controller;
			sourceTree = "<group>";
		};
		B07938D424BEF4AF00F86E86 /* PersonFineDetail */ = {
			isa = PBXGroup;
			children = (
				B07938D524BEF4C300F86E86 /* PersonFineDetail.swift */,
				B0619BFC24C0B981008969A1 /* PersonFineEditor */,
			);
			path = PersonFineDetail;
			sourceTree = "<group>";
		};
		B0B799CD24ACE9EF0027727E /* Changer */ = {
			isa = PBXGroup;
			children = (
				B028FD962514EB91007DF006 /* Changer.swift */,
				B028FD9D25150E90007DF006 /* Parameters.swift */,
				B028FD9825150E49007DF006 /* ChangeableItems */,
				B0DE1CBA24C44D61006CCFE9 /* LocalListChanger.swift */,
			);
			path = Changer;
			sourceTree = "<group>";
		};
		B0B799D424AE6F990027727E /* AppTypes */ = {
			isa = PBXGroup;
			children = (
				B020C7D124BA2111008940FE /* ListTypes */,
				B0C1C52124A7A021007B584B /* PersonName.swift */,
				B020C7BD24AF1C31008940FE /* PersonLogin.swift */,
				B020C7BB24AF1AE9008940FE /* ChangerClub.swift */,
				B020C7C924B1168F008940FE /* RegisterPerson.swift */,
				B042D43424BB1B040029F2D5 /* Euro.swift */,
				B042D43A24BB27EF0029F2D5 /* FormattedDate.swift */,
			);
			path = AppTypes;
			sourceTree = "<group>";
		};
		B0B81DBF250251F900249447 /* Settings */ = {
			isa = PBXGroup;
			children = (
				B0C1C51A24A78CC2007B584B /* Settings.swift */,
				B0B81DC02502520E00249447 /* CodableSettings.swift */,
				B0B81DC42502523100249447 /* Settings+Appereance.swift */,
				B0B81DC22502522600249447 /* Settings+Style.swift */,
				B0B81DC62502524000249447 /* Settings+Person.swift */,
				B0B81DC82502525500249447 /* Settings+LatePaymentInterest.swift */,
			);
			path = Settings;
			sourceTree = "<group>";
		};
		B0C1C51624A78C56007B584B /* Utilities */ = {
			isa = PBXGroup;
			children = (
				B0B81DBF250251F900249447 /* Settings */,
				B0C1C51724A78C69007B584B /* Necessaries */,
				B0C1C51E24A791B7007B584B /* Extensions */,
				B0C1C51F24A79328007B584B /* Constants.swift */,
			);
			path = Utilities;
			sourceTree = "<group>";
		};
		B0C1C51724A78C69007B584B /* Necessaries */ = {
			isa = PBXGroup;
			children = (
				B0C1C51C24A7910F007B584B /* AppUrls.swift */,
				B006920524C615D500AE2EF0 /* HomeTabs.swift */,
				B0B117CB24FA962C006A22F2 /* SignInWithApple.swift */,
				B0C5540625056A0F00BA3E26 /* ExecuteOnlyOnce.swift */,
				B05C32E625388637004E9923 /* NecessaryObjects.swift */,
				B05C3316253B6AEE004E9923 /* SignInCache.swift */,
			);
			path = Necessaries;
			sourceTree = "<group>";
		};
		B0C1C51E24A791B7007B584B /* Extensions */ = {
			isa = PBXGroup;
			children = (
				B0C1C51824A78C90007B584B /* Color.swift */,
				B042D43C24BB2BBD0029F2D5 /* Array.swift */,
				B0619C0124C0C1E2008969A1 /* String.swift */,
				B0C1C52624A8BEE6007B584B /* Other.swift */,
			);
			path = Extensions;
			sourceTree = "<group>";
		};
		B0C1C52324A8BBFA007B584B /* HelpfulViews */ = {
			isa = PBXGroup;
			children = (
				B042D44624BDAB280029F2D5 /* ActivityView.swift */,
				B026766C24BDD346005E79C1 /* AmountDisplay.swift */,
				B0619C0724C1CAB9008969A1 /* CustomDatePicker.swift */,
				B0B4822124A8D61300CB7A1A /* CustomTextField.swift */,
				B0B4822324A8D69E00CB7A1A /* Buttons.swift */,
				B0B4821F24A8D46B00CB7A1A /* Header.swift */,
				B0B799CB24ACA1990027727E /* ImageSelector.swift */,
				B0619BFF24C0BD16008969A1 /* ImportanceChanger.swift */,
				B0E6E86E24CDD38500D467AC /* OutlineAndSheetBar.swift */,
				B020C7C124B0B9D0008940FE /* PersonRowImage.swift */,
				B0C1C52424A8BC14007B584B /* RoundedCorners.swift */,
				B042D44124BB61810029F2D5 /* SearchBar.swift */,
				B042D42F24BA42EB0029F2D5 /* TabBar.swift */,
			);
			path = HelpfulViews;
			sourceTree = "<group>";
		};
		B0C554032505641900BA3E26 /* Necessaries */ = {
			isa = PBXGroup;
			children = (
				B0F4331C2502CA7500B0AAA7 /* HomeViews.swift */,
				B0C554042505646400BA3E26 /* AppDelegate.swift */,
				B0F881A925065B92008304A8 /* ForceSignedOutView.swift */,
				B0E50D1225418D37008C7E84 /* KeyboardAdaptive.swift */,
			);
			path = Necessaries;
			sourceTree = "<group>";
		};
		B0D343FF24A9260B003C8831 /* HomeViews */ = {
			isa = PBXGroup;
			children = (
				B0C554032505641900BA3E26 /* Necessaries */,
				B0D3440024A92612003C8831 /* LoginView */,
				B042D43124BB19CC0029F2D5 /* ProfileDetail */,
				B042D43E24BB5B290029F2D5 /* PersonList */,
				B0619C0B24C20C3A008969A1 /* ReasonList */,
				B0619C1224C21947008969A1 /* AddNewFine */,
				B0619C1924C363CD008969A1 /* Notes */,
				B02B891324BDFD93004562B9 /* Settings */,
			);
			path = HomeViews;
			sourceTree = "<group>";
		};
		B0D3440024A92612003C8831 /* LoginView */ = {
			isa = PBXGroup;
			children = (
				B0C1C51424A78BD7007B584B /* LoginEntryView.swift */,
				B05C332F253C3597004E9923 /* LoginView.swift */,
				B05C331C253B6B0F004E9923 /* SignInCacheView.swift */,
				B0E50C9E253DCC44008C7E84 /* SignInView.swift */,
				B037BCE925419CB4002B81E5 /* SignInEmailView.swift */,
				B05C332A253B7012004E9923 /* New Group */,
			);
			path = LoginView;
			sourceTree = "<group>";
		};
		B0E0F81A24A63E5800C82828 = {
			isa = PBXGroup;
			children = (
				B0E0F82524A63E5800C82828 /* Strafen */,
				B0E0F83724A63E5A00C82828 /* StrafenTests */,
				B0E0F84224A63E5A00C82828 /* StrafenUITests */,
				B077B57524CAC652003844CE /* StrafenWidget */,
				B0E0F82424A63E5800C82828 /* Products */,
				2894790FDA740B7584F98E3A /* Pods */,
				34A98CC1D11C4E2F86F36E33 /* Frameworks */,
			);
			sourceTree = "<group>";
		};
		B0E0F82424A63E5800C82828 /* Products */ = {
			isa = PBXGroup;
			children = (
				B0E0F82324A63E5800C82828 /* Strafen.app */,
				B0E0F83424A63E5A00C82828 /* StrafenTests.xctest */,
				B0E0F83F24A63E5A00C82828 /* StrafenUITests.xctest */,
				B077B57024CAC652003844CE /* StrafenWidgetExtension.appex */,
			);
			name = Products;
			sourceTree = "<group>";
		};
		B0E0F82524A63E5800C82828 /* Strafen */ = {
			isa = PBXGroup;
			children = (
				B0E0F85124A63E7B00C82828 /* Controller */,
				B0E0F82824A63E5800C82828 /* ContentView.swift */,
				B0D343FF24A9260B003C8831 /* HomeViews */,
				B0C1C52324A8BBFA007B584B /* HelpfulViews */,
				B020C7B524AE71EE008940FE /* Fetcher */,
				B020C7B824AE743F008940FE /* FetchedData */,
				B0B799CD24ACE9EF0027727E /* Changer */,
				B0B799D424AE6F990027727E /* AppTypes */,
				B0C1C51624A78C56007B584B /* Utilities */,
			);
			path = Strafen;
			sourceTree = "<group>";
		};
		B0E0F82C24A63E5A00C82828 /* Preview Content */ = {
			isa = PBXGroup;
			children = (
				B0E0F82D24A63E5A00C82828 /* Preview Assets.xcassets */,
			);
			path = "Preview Content";
			sourceTree = "<group>";
		};
		B0E0F83724A63E5A00C82828 /* StrafenTests */ = {
			isa = PBXGroup;
			children = (
				B0675AF725167621006357F8 /* ChangerTests.swift */,
				B0E0F83824A63E5A00C82828 /* StrafenTests.swift */,
				B0E0F83A24A63E5A00C82828 /* Info.plist */,
			);
			path = StrafenTests;
			sourceTree = "<group>";
		};
		B0E0F84224A63E5A00C82828 /* StrafenUITests */ = {
			isa = PBXGroup;
			children = (
				B0E0F84324A63E5A00C82828 /* StrafenUITests.swift */,
				B0E0F84524A63E5A00C82828 /* Info.plist */,
			);
			path = StrafenUITests;
			sourceTree = "<group>";
		};
		B0E0F85124A63E7B00C82828 /* Controller */ = {
			isa = PBXGroup;
			children = (
				B0E0F82624A63E5800C82828 /* StrafenApp.swift */,
				B0E0F82A24A63E5A00C82828 /* Assets.xcassets */,
				B0E0F82F24A63E5A00C82828 /* Info.plist */,
				B077B58824CAC9E9003844CE /* Strafen.entitlements */,
				B05FA5C02528D39E00CEBA5A /* GoogleService-Info.plist */,
				B0E0F82C24A63E5A00C82828 /* Preview Content */,
			);
			path = Controller;
			sourceTree = "<group>";
		};
		B0E2C1AD24CDB62F009E3666 /* SmallWidget */ = {
			isa = PBXGroup;
			children = (
				B061752D24CB471600382D9C /* SmallWidget.swift */,
				B0E2C1AE24CDB646009E3666 /* SmallWidgetSuccess.swift */,
				B0E2C1B024CDB653009E3666 /* SmallWidgetNoConnection.swift */,
				B0E2C1B224CDB661009E3666 /* SmallWidgetNoPersonLoggedIn.swift */,
			);
			path = SmallWidget;
			sourceTree = "<group>";
		};
		B0E6E87024CDD3BB00D467AC /* HelpfulViews */ = {
			isa = PBXGroup;
			children = (
				B0E6E87124CDD3CC00D467AC /* Outline.swift */,
			);
			path = HelpfulViews;
			sourceTree = "<group>";
		};
/* End PBXGroup section */

/* Begin PBXNativeTarget section */
		B077B56F24CAC652003844CE /* StrafenWidgetExtension */ = {
			isa = PBXNativeTarget;
			buildConfigurationList = B077B58124CAC655003844CE /* Build configuration list for PBXNativeTarget "StrafenWidgetExtension" */;
			buildPhases = (
				B077B56C24CAC652003844CE /* Sources */,
				B077B56D24CAC652003844CE /* Frameworks */,
				B077B56E24CAC652003844CE /* Resources */,
			);
			buildRules = (
			);
			dependencies = (
			);
			name = StrafenWidgetExtension;
			productName = StrafenWidgetExtension;
			productReference = B077B57024CAC652003844CE /* StrafenWidgetExtension.appex */;
			productType = "com.apple.product-type.app-extension";
		};
		B0E0F82224A63E5800C82828 /* Strafen */ = {
			isa = PBXNativeTarget;
			buildConfigurationList = B0E0F84824A63E5A00C82828 /* Build configuration list for PBXNativeTarget "Strafen" */;
			buildPhases = (
				22DDB7EA1D846A67A3C51654 /* [CP] Check Pods Manifest.lock */,
				B0E0F81F24A63E5800C82828 /* Sources */,
				B0E0F82024A63E5800C82828 /* Frameworks */,
				B0E0F82124A63E5800C82828 /* Resources */,
				AF25B3318BD62E66FB5F7A00 /* [CP] Embed Pods Frameworks */,
				B077B58424CAC655003844CE /* Embed App Extensions */,
			);
			buildRules = (
			);
			dependencies = (
				B077B57F24CAC655003844CE /* PBXTargetDependency */,
			);
			name = Strafen;
			productName = Strafen;
			productReference = B0E0F82324A63E5800C82828 /* Strafen.app */;
			productType = "com.apple.product-type.application";
		};
		B0E0F83324A63E5A00C82828 /* StrafenTests */ = {
			isa = PBXNativeTarget;
			buildConfigurationList = B0E0F84B24A63E5A00C82828 /* Build configuration list for PBXNativeTarget "StrafenTests" */;
			buildPhases = (
				62B9DC5F31C4E624365031E6 /* [CP] Check Pods Manifest.lock */,
				B0E0F83024A63E5A00C82828 /* Sources */,
				B0E0F83124A63E5A00C82828 /* Frameworks */,
				B0E0F83224A63E5A00C82828 /* Resources */,
			);
			buildRules = (
			);
			dependencies = (
				B0E0F83624A63E5A00C82828 /* PBXTargetDependency */,
			);
			name = StrafenTests;
			productName = StrafenTests;
			productReference = B0E0F83424A63E5A00C82828 /* StrafenTests.xctest */;
			productType = "com.apple.product-type.bundle.unit-test";
		};
		B0E0F83E24A63E5A00C82828 /* StrafenUITests */ = {
			isa = PBXNativeTarget;
			buildConfigurationList = B0E0F84E24A63E5A00C82828 /* Build configuration list for PBXNativeTarget "StrafenUITests" */;
			buildPhases = (
				FB3513EF6DBB481B4A47A8A8 /* [CP] Check Pods Manifest.lock */,
				B0E0F83B24A63E5A00C82828 /* Sources */,
				B0E0F83C24A63E5A00C82828 /* Frameworks */,
				B0E0F83D24A63E5A00C82828 /* Resources */,
				83786DDA2E3FF3D8A3434A8C /* [CP] Embed Pods Frameworks */,
			);
			buildRules = (
			);
			dependencies = (
				B0E0F84124A63E5A00C82828 /* PBXTargetDependency */,
			);
			name = StrafenUITests;
			productName = StrafenUITests;
			productReference = B0E0F83F24A63E5A00C82828 /* StrafenUITests.xctest */;
			productType = "com.apple.product-type.bundle.ui-testing";
		};
/* End PBXNativeTarget section */

/* Begin PBXProject section */
		B0E0F81B24A63E5800C82828 /* Project object */ = {
			isa = PBXProject;
			attributes = {
				LastSwiftUpdateCheck = 1200;
				LastUpgradeCheck = 1200;
				TargetAttributes = {
					B077B56F24CAC652003844CE = {
						CreatedOnToolsVersion = 12.0;
					};
					B0E0F82224A63E5800C82828 = {
						CreatedOnToolsVersion = 12.0;
					};
					B0E0F83324A63E5A00C82828 = {
						CreatedOnToolsVersion = 12.0;
						TestTargetID = B0E0F82224A63E5800C82828;
					};
					B0E0F83E24A63E5A00C82828 = {
						CreatedOnToolsVersion = 12.0;
						TestTargetID = B0E0F82224A63E5800C82828;
					};
				};
			};
			buildConfigurationList = B0E0F81E24A63E5800C82828 /* Build configuration list for PBXProject "Strafen" */;
			compatibilityVersion = "Xcode 9.3";
			developmentRegion = en;
			hasScannedForEncodings = 0;
			knownRegions = (
				en,
				Base,
			);
			mainGroup = B0E0F81A24A63E5800C82828;
			productRefGroup = B0E0F82424A63E5800C82828 /* Products */;
			projectDirPath = "";
			projectRoot = "";
			targets = (
				B0E0F82224A63E5800C82828 /* Strafen */,
				B0E0F83324A63E5A00C82828 /* StrafenTests */,
				B0E0F83E24A63E5A00C82828 /* StrafenUITests */,
				B077B56F24CAC652003844CE /* StrafenWidgetExtension */,
			);
		};
/* End PBXProject section */

/* Begin PBXResourcesBuildPhase section */
		B077B56E24CAC652003844CE /* Resources */ = {
			isa = PBXResourcesBuildPhase;
			buildActionMask = 2147483647;
			files = (
				B077B57A24CAC655003844CE /* Assets.xcassets in Resources */,
			);
			runOnlyForDeploymentPostprocessing = 0;
		};
		B0E0F82124A63E5800C82828 /* Resources */ = {
			isa = PBXResourcesBuildPhase;
			buildActionMask = 2147483647;
			files = (
				B0E0F82E24A63E5A00C82828 /* Preview Assets.xcassets in Resources */,
				B0E0F82B24A63E5A00C82828 /* Assets.xcassets in Resources */,
				B05FA5C12528D39E00CEBA5A /* GoogleService-Info.plist in Resources */,
			);
			runOnlyForDeploymentPostprocessing = 0;
		};
		B0E0F83224A63E5A00C82828 /* Resources */ = {
			isa = PBXResourcesBuildPhase;
			buildActionMask = 2147483647;
			files = (
			);
			runOnlyForDeploymentPostprocessing = 0;
		};
		B0E0F83D24A63E5A00C82828 /* Resources */ = {
			isa = PBXResourcesBuildPhase;
			buildActionMask = 2147483647;
			files = (
			);
			runOnlyForDeploymentPostprocessing = 0;
		};
/* End PBXResourcesBuildPhase section */

/* Begin PBXShellScriptBuildPhase section */
		22DDB7EA1D846A67A3C51654 /* [CP] Check Pods Manifest.lock */ = {
			isa = PBXShellScriptBuildPhase;
			buildActionMask = 2147483647;
			files = (
			);
			inputFileListPaths = (
			);
			inputPaths = (
				"${PODS_PODFILE_DIR_PATH}/Podfile.lock",
				"${PODS_ROOT}/Manifest.lock",
			);
			name = "[CP] Check Pods Manifest.lock";
			outputFileListPaths = (
			);
			outputPaths = (
				"$(DERIVED_FILE_DIR)/Pods-Strafen-checkManifestLockResult.txt",
			);
			runOnlyForDeploymentPostprocessing = 0;
			shellPath = /bin/sh;
			shellScript = "diff \"${PODS_PODFILE_DIR_PATH}/Podfile.lock\" \"${PODS_ROOT}/Manifest.lock\" > /dev/null\nif [ $? != 0 ] ; then\n    # print error to STDERR\n    echo \"error: The sandbox is not in sync with the Podfile.lock. Run 'pod install' or update your CocoaPods installation.\" >&2\n    exit 1\nfi\n# This output is used by Xcode 'outputs' to avoid re-running this script phase.\necho \"SUCCESS\" > \"${SCRIPT_OUTPUT_FILE_0}\"\n";
			showEnvVarsInLog = 0;
		};
		62B9DC5F31C4E624365031E6 /* [CP] Check Pods Manifest.lock */ = {
			isa = PBXShellScriptBuildPhase;
			buildActionMask = 2147483647;
			files = (
			);
			inputFileListPaths = (
			);
			inputPaths = (
				"${PODS_PODFILE_DIR_PATH}/Podfile.lock",
				"${PODS_ROOT}/Manifest.lock",
			);
			name = "[CP] Check Pods Manifest.lock";
			outputFileListPaths = (
			);
			outputPaths = (
				"$(DERIVED_FILE_DIR)/Pods-StrafenTests-checkManifestLockResult.txt",
			);
			runOnlyForDeploymentPostprocessing = 0;
			shellPath = /bin/sh;
			shellScript = "diff \"${PODS_PODFILE_DIR_PATH}/Podfile.lock\" \"${PODS_ROOT}/Manifest.lock\" > /dev/null\nif [ $? != 0 ] ; then\n    # print error to STDERR\n    echo \"error: The sandbox is not in sync with the Podfile.lock. Run 'pod install' or update your CocoaPods installation.\" >&2\n    exit 1\nfi\n# This output is used by Xcode 'outputs' to avoid re-running this script phase.\necho \"SUCCESS\" > \"${SCRIPT_OUTPUT_FILE_0}\"\n";
			showEnvVarsInLog = 0;
		};
		83786DDA2E3FF3D8A3434A8C /* [CP] Embed Pods Frameworks */ = {
			isa = PBXShellScriptBuildPhase;
			buildActionMask = 2147483647;
			files = (
			);
			inputFileListPaths = (
				"${PODS_ROOT}/Target Support Files/Pods-Strafen-StrafenUITests/Pods-Strafen-StrafenUITests-frameworks-${CONFIGURATION}-input-files.xcfilelist",
			);
			name = "[CP] Embed Pods Frameworks";
			outputFileListPaths = (
				"${PODS_ROOT}/Target Support Files/Pods-Strafen-StrafenUITests/Pods-Strafen-StrafenUITests-frameworks-${CONFIGURATION}-output-files.xcfilelist",
			);
			runOnlyForDeploymentPostprocessing = 0;
			shellPath = /bin/sh;
			shellScript = "\"${PODS_ROOT}/Target Support Files/Pods-Strafen-StrafenUITests/Pods-Strafen-StrafenUITests-frameworks.sh\"\n";
			showEnvVarsInLog = 0;
		};
		AF25B3318BD62E66FB5F7A00 /* [CP] Embed Pods Frameworks */ = {
			isa = PBXShellScriptBuildPhase;
			buildActionMask = 2147483647;
			files = (
			);
			inputFileListPaths = (
				"${PODS_ROOT}/Target Support Files/Pods-Strafen/Pods-Strafen-frameworks-${CONFIGURATION}-input-files.xcfilelist",
			);
			name = "[CP] Embed Pods Frameworks";
			outputFileListPaths = (
				"${PODS_ROOT}/Target Support Files/Pods-Strafen/Pods-Strafen-frameworks-${CONFIGURATION}-output-files.xcfilelist",
			);
			runOnlyForDeploymentPostprocessing = 0;
			shellPath = /bin/sh;
			shellScript = "\"${PODS_ROOT}/Target Support Files/Pods-Strafen/Pods-Strafen-frameworks.sh\"\n";
			showEnvVarsInLog = 0;
		};
		FB3513EF6DBB481B4A47A8A8 /* [CP] Check Pods Manifest.lock */ = {
			isa = PBXShellScriptBuildPhase;
			buildActionMask = 2147483647;
			files = (
			);
			inputFileListPaths = (
			);
			inputPaths = (
				"${PODS_PODFILE_DIR_PATH}/Podfile.lock",
				"${PODS_ROOT}/Manifest.lock",
			);
			name = "[CP] Check Pods Manifest.lock";
			outputFileListPaths = (
			);
			outputPaths = (
				"$(DERIVED_FILE_DIR)/Pods-Strafen-StrafenUITests-checkManifestLockResult.txt",
			);
			runOnlyForDeploymentPostprocessing = 0;
			shellPath = /bin/sh;
			shellScript = "diff \"${PODS_PODFILE_DIR_PATH}/Podfile.lock\" \"${PODS_ROOT}/Manifest.lock\" > /dev/null\nif [ $? != 0 ] ; then\n    # print error to STDERR\n    echo \"error: The sandbox is not in sync with the Podfile.lock. Run 'pod install' or update your CocoaPods installation.\" >&2\n    exit 1\nfi\n# This output is used by Xcode 'outputs' to avoid re-running this script phase.\necho \"SUCCESS\" > \"${SCRIPT_OUTPUT_FILE_0}\"\n";
			showEnvVarsInLog = 0;
		};
/* End PBXShellScriptBuildPhase section */

/* Begin PBXSourcesBuildPhase section */
		B077B56C24CAC652003844CE /* Sources */ = {
			isa = PBXSourcesBuildPhase;
			buildActionMask = 2147483647;
			files = (
				B04B71F224CEDABC0038B02F /* MediumWidgetNoPersonLoggedIn.swift in Sources */,
				B0E2C1A924CC6919009E3666 /* FormattedDate.swift in Sources */,
				B077B58E24CB0714003844CE /* Provider.swift in Sources */,
				B0E6E86D24CDD36000D467AC /* RoundedCorners.swift in Sources */,
				B061752E24CB471600382D9C /* SmallWidget.swift in Sources */,
				B077B59824CB0804003844CE /* WidgetView.swift in Sources */,
				B077B57724CAC652003844CE /* StrafenWidget.swift in Sources */,
				B061754424CC658200382D9C /* WidgetUrls.swift in Sources */,
				B0E6E87324CDD3ED00D467AC /* Outline.swift in Sources */,
				B04B71F024CEDAAA0038B02F /* MediumWidgetNoConnection.swift in Sources */,
				B04B71F524CF36AE0038B02F /* LargeWidgetSuccess.swift in Sources */,
				B04B71F724CF36B90038B02F /* LargeWidgetNoConnection.swift in Sources */,
				B0E2C1A124CC67F3009E3666 /* PersonName.swift in Sources */,
				B0E2C1A824CC6884009E3666 /* WidgetFine.swift in Sources */,
				B0E2C1B424CDB6AF009E3666 /* SmallWidgetSuccess.swift in Sources */,
				B061753224CB473200382D9C /* LargeWidget.swift in Sources */,
				B077B58A24CACEEB003844CE /* Constants.swift in Sources */,
				B0E2C1B524CDB6AF009E3666 /* SmallWidgetNoConnection.swift in Sources */,
				B04B71EB24CE18560038B02F /* TestContent.swift in Sources */,
				B0E2C1AC24CC6C2D009E3666 /* WidgetListFetcher.swift in Sources */,
				B0E2C1A424CC6828009E3666 /* WidgetReason.swift in Sources */,
				B0E2C1A524CC6859009E3666 /* Euro.swift in Sources */,
				B077B59A24CB0A7E003844CE /* Color.swift in Sources */,
				B0E2C19D24CC66C2009E3666 /* WidgetListTypes.swift in Sources */,
				B0E2C1B624CDB6AF009E3666 /* SmallWidgetNoPersonLoggedIn.swift in Sources */,
				B04B71F924CF36C30038B02F /* LargeWidgetNoPersonLoggedIn.swift in Sources */,
				B061754124CC639400382D9C /* Extensions.swift in Sources */,
				B04B71EE24CEDA9C0038B02F /* MediumWidgetSuccess.swift in Sources */,
				B061753024CB472300382D9C /* MediumWidget.swift in Sources */,
			);
			runOnlyForDeploymentPostprocessing = 0;
		};
		B0E0F81F24A63E5800C82828 /* Sources */ = {
			isa = PBXSourcesBuildPhase;
			buildActionMask = 2147483647;
			files = (
				B02EF27024C497CC00E4CEBC /* NoteEditor.swift in Sources */,
				B05C32E725388637004E9923 /* NecessaryObjects.swift in Sources */,
				B020C7B724AE7204008940FE /* ListFetcher.swift in Sources */,
				B0F881AA25065B92008304A8 /* ForceSignedOutView.swift in Sources */,
				B0B81DC72502524000249447 /* Settings+Person.swift in Sources */,
				B0E2C19524CC6620009E3666 /* Reason.swift in Sources */,
				B06FECF82516466500893DF9 /* LatePaymentInterestChange.swift in Sources */,
				B0C1C51524A78BD7007B584B /* LoginEntryView.swift in Sources */,
				B0E5C71024C377F70004E758 /* NoteAddNew.swift in Sources */,
				B0C1C51924A78C90007B584B /* Color.swift in Sources */,
				B0F881AC2506874C008304A8 /* SettingsForceSignOut.swift in Sources */,
				B0619C0224C0C1E2008969A1 /* String.swift in Sources */,
				B07938D824BF037900F86E86 /* PersonAddNew.swift in Sources */,
				B0B81DC12502520E00249447 /* CodableSettings.swift in Sources */,
				B0E0F82924A63E5800C82828 /* ContentView.swift in Sources */,
				B0619C0024C0BD16008969A1 /* ImportanceChanger.swift in Sources */,
				B0B799CC24ACA1990027727E /* ImageSelector.swift in Sources */,
				B02B891524BDFDA9004562B9 /* SettingsView.swift in Sources */,
				B0619BFB24C0B62B008969A1 /* PersonEditor.swift in Sources */,
				B0E50D1325418D37008C7E84 /* KeyboardAdaptive.swift in Sources */,
				B028FD972514EB91007DF006 /* Changer.swift in Sources */,
				B0B4822424A8D69E00CB7A1A /* Buttons.swift in Sources */,
				B0C1C52224A7A021007B584B /* PersonName.swift in Sources */,
				B0C554052505646400BA3E26 /* AppDelegate.swift in Sources */,
				B020C7C424B0C5E6008940FE /* ImageFetcher.swift in Sources */,
				B0F3449F251E00EA002214DF /* DeleteClubChange.swift in Sources */,
				B07938D624BEF4C300F86E86 /* PersonFineDetail.swift in Sources */,
				B020C7C624B0C8BE008940FE /* ImageData.swift in Sources */,
				B020C7C224B0B9D0008940FE /* PersonRowImage.swift in Sources */,
				B0280AB424FFB9D30049202D /* LatePaymentInterestChangerView.swift in Sources */,
				B042D43D24BB2BBD0029F2D5 /* Array.swift in Sources */,
				B0E2C19424CC6620009E3666 /* Fine.swift in Sources */,
				B042D44024BB5B420029F2D5 /* PersonList.swift in Sources */,
				B0619C1824C23911008969A1 /* AddNewFineReason.swift in Sources */,
				B0DE1CBD24C48FB3006CCFE9 /* NoteDetail.swift in Sources */,
				B0E0F82724A63E5800C82828 /* StrafenApp.swift in Sources */,
				B0E6E86F24CDD38500D467AC /* OutlineAndSheetBar.swift in Sources */,
				B042D42E24BA21540029F2D5 /* ListTypes.swift in Sources */,
				B020C7BC24AF1AE9008940FE /* ChangerClub.swift in Sources */,
				B020C7CA24B1168F008940FE /* RegisterPerson.swift in Sources */,
				B028FD9A25150E5E007DF006 /* ServerListChange.swift in Sources */,
				B0B81DC92502525500249447 /* Settings+LatePaymentInterest.swift in Sources */,
				B0619C1424C21958008969A1 /* AddNewFine.swift in Sources */,
				B0B4822024A8D46B00CB7A1A /* Header.swift in Sources */,
				B042D44724BDAB280029F2D5 /* ActivityView.swift in Sources */,
				B028FD9C25150E77007DF006 /* RegisterPersonChange.swift in Sources */,
				B0C1C52024A79328007B584B /* Constants.swift in Sources */,
				B0E50C9F253DCC44008C7E84 /* SignInView.swift in Sources */,
				B06FECFC2516587F00893DF9 /* PersonImageChange.swift in Sources */,
				B0DE1CBB24C44D61006CCFE9 /* LocalListChanger.swift in Sources */,
				B05C3317253B6AEE004E9923 /* SignInCache.swift in Sources */,
				B06FECF4251642CD00893DF9 /* NewClubChange.swift in Sources */,
				B06FECFA25164D8B00893DF9 /* SendCodeMailChange.swift in Sources */,
				B042D43524BB1B040029F2D5 /* Euro.swift in Sources */,
				B0C1C51B24A78CC2007B584B /* Settings.swift in Sources */,
				B042D43324BB19E10029F2D5 /* ProfileDetail.swift in Sources */,
				B0619C0A24C1E62C008969A1 /* PersonFineAdvanced.swift in Sources */,
				B042D44524BCD80C0029F2D5 /* PersonDetail.swift in Sources */,
				B0F4331D2502CA7500B0AAA7 /* HomeViews.swift in Sources */,
				B0B117CC24FA962C006A22F2 /* SignInWithApple.swift in Sources */,
				B0619C0824C1CAB9008969A1 /* CustomDatePicker.swift in Sources */,
				B006920624C615D500AE2EF0 /* HomeTabs.swift in Sources */,
				B0619C0F24C20EAA008969A1 /* ReasonAddNew.swift in Sources */,
				B0B4822224A8D61300CB7A1A /* CustomTextField.swift in Sources */,
				B0619BFE24C0B999008969A1 /* PersonFineEditor.swift in Sources */,
				B020C7C024AF7CC6008940FE /* Person.swift in Sources */,
				B0619C0D24C20C4B008969A1 /* ReasonList.swift in Sources */,
				B0B81DC52502523100249447 /* Settings+Appereance.swift in Sources */,
				B0C1C52524A8BC14007B584B /* RoundedCorners.swift in Sources */,
				B05C331D253B6B0F004E9923 /* SignInCacheView.swift in Sources */,
				B0C1C52724A8BEE6007B584B /* Other.swift in Sources */,
				B0619C1B24C363DE008969A1 /* NoteList.swift in Sources */,
				B0B81DC32502522600249447 /* Settings+Style.swift in Sources */,
				B042D43B24BB27EF0029F2D5 /* FormattedDate.swift in Sources */,
				B0619C1624C236C2008969A1 /* AddNewFinePerson.swift in Sources */,
				B0619C0424C186FC008969A1 /* PersonFineTemplate.swift in Sources */,
				B0619C1124C21463008969A1 /* ReasonEditor.swift in Sources */,
				B0C1C51D24A7910F007B584B /* AppUrls.swift in Sources */,
				B020C7CC24B87653008940FE /* Club.swift in Sources */,
				B042D44224BB61810029F2D5 /* SearchBar.swift in Sources */,
				B016578A24C369850012B6AC /* Note.swift in Sources */,
				B05C3330253C3597004E9923 /* LoginView.swift in Sources */,
				B020C7BA24AE744F008940FE /* ListData.swift in Sources */,
				B020C7BE24AF1C31008940FE /* PersonLogin.swift in Sources */,
				B026766D24BDD346005E79C1 /* AmountDisplay.swift in Sources */,
				B042D43024BA42EB0029F2D5 /* TabBar.swift in Sources */,
				B037BCEA25419CB4002B81E5 /* SignInEmailView.swift in Sources */,
				B02019D424FE779000C660B9 /* SettingsFinesFormatterView.swift in Sources */,
				B028FD9E25150E90007DF006 /* Parameters.swift in Sources */,
				B06FECFE25165B8E00893DF9 /* ClubImageChange.swift in Sources */,
				B06FECF6251644CA00893DF9 /* ForceSignOutChange.swift in Sources */,
			);
			runOnlyForDeploymentPostprocessing = 0;
		};
		B0E0F83024A63E5A00C82828 /* Sources */ = {
			isa = PBXSourcesBuildPhase;
			buildActionMask = 2147483647;
			files = (
				B0675AF825167621006357F8 /* ChangerTests.swift in Sources */,
				B0E0F83924A63E5A00C82828 /* StrafenTests.swift in Sources */,
			);
			runOnlyForDeploymentPostprocessing = 0;
		};
		B0E0F83B24A63E5A00C82828 /* Sources */ = {
			isa = PBXSourcesBuildPhase;
			buildActionMask = 2147483647;
			files = (
				B0E0F84424A63E5A00C82828 /* StrafenUITests.swift in Sources */,
			);
			runOnlyForDeploymentPostprocessing = 0;
		};
/* End PBXSourcesBuildPhase section */

/* Begin PBXTargetDependency section */
		B077B57F24CAC655003844CE /* PBXTargetDependency */ = {
			isa = PBXTargetDependency;
			target = B077B56F24CAC652003844CE /* StrafenWidgetExtension */;
			targetProxy = B077B57E24CAC655003844CE /* PBXContainerItemProxy */;
		};
		B0E0F83624A63E5A00C82828 /* PBXTargetDependency */ = {
			isa = PBXTargetDependency;
			target = B0E0F82224A63E5800C82828 /* Strafen */;
			targetProxy = B0E0F83524A63E5A00C82828 /* PBXContainerItemProxy */;
		};
		B0E0F84124A63E5A00C82828 /* PBXTargetDependency */ = {
			isa = PBXTargetDependency;
			target = B0E0F82224A63E5800C82828 /* Strafen */;
			targetProxy = B0E0F84024A63E5A00C82828 /* PBXContainerItemProxy */;
		};
/* End PBXTargetDependency section */

/* Begin XCBuildConfiguration section */
		B077B58224CAC655003844CE /* Debug */ = {
			isa = XCBuildConfiguration;
			buildSettings = {
				ASSETCATALOG_COMPILER_GLOBAL_ACCENT_COLOR_NAME = AccentColor;
				ASSETCATALOG_COMPILER_WIDGET_BACKGROUND_COLOR_NAME = WidgetBackground;
				CODE_SIGN_ENTITLEMENTS = StrafenWidget/Controller/StrafenWidgetExtension.entitlements;
				CODE_SIGN_STYLE = Automatic;
				CURRENT_PROJECT_VERSION = 7;
				DEVELOPMENT_TEAM = K7NTJ83ZF8;
				INFOPLIST_FILE = StrafenWidget/Controller/Info.plist;
				LD_RUNPATH_SEARCH_PATHS = (
					"$(inherited)",
					"@executable_path/Frameworks",
					"@executable_path/../../Frameworks",
				);
				PRODUCT_BUNDLE_IDENTIFIER = stevenkellner.Strafen.StrafenWidget;
				PRODUCT_NAME = "$(TARGET_NAME)";
				SKIP_INSTALL = YES;
				SWIFT_VERSION = 5.0;
				TARGETED_DEVICE_FAMILY = 1;
			};
			name = Debug;
		};
		B077B58324CAC655003844CE /* Release */ = {
			isa = XCBuildConfiguration;
			buildSettings = {
				ASSETCATALOG_COMPILER_GLOBAL_ACCENT_COLOR_NAME = AccentColor;
				ASSETCATALOG_COMPILER_WIDGET_BACKGROUND_COLOR_NAME = WidgetBackground;
				CODE_SIGN_ENTITLEMENTS = StrafenWidget/Controller/StrafenWidgetExtension.entitlements;
				CODE_SIGN_STYLE = Automatic;
				CURRENT_PROJECT_VERSION = 7;
				DEVELOPMENT_TEAM = K7NTJ83ZF8;
				INFOPLIST_FILE = StrafenWidget/Controller/Info.plist;
				LD_RUNPATH_SEARCH_PATHS = (
					"$(inherited)",
					"@executable_path/Frameworks",
					"@executable_path/../../Frameworks",
				);
				PRODUCT_BUNDLE_IDENTIFIER = stevenkellner.Strafen.StrafenWidget;
				PRODUCT_NAME = "$(TARGET_NAME)";
				SKIP_INSTALL = YES;
				SWIFT_VERSION = 5.0;
				TARGETED_DEVICE_FAMILY = 1;
			};
			name = Release;
		};
		B0E0F84624A63E5A00C82828 /* Debug */ = {
			isa = XCBuildConfiguration;
			buildSettings = {
				ALWAYS_SEARCH_USER_PATHS = NO;
				CLANG_ANALYZER_NONNULL = YES;
				CLANG_ANALYZER_NUMBER_OBJECT_CONVERSION = YES_AGGRESSIVE;
				CLANG_CXX_LANGUAGE_STANDARD = "gnu++14";
				CLANG_CXX_LIBRARY = "libc++";
				CLANG_ENABLE_MODULES = YES;
				CLANG_ENABLE_OBJC_ARC = YES;
				CLANG_ENABLE_OBJC_WEAK = YES;
				CLANG_WARN_BLOCK_CAPTURE_AUTORELEASING = YES;
				CLANG_WARN_BOOL_CONVERSION = YES;
				CLANG_WARN_COMMA = YES;
				CLANG_WARN_CONSTANT_CONVERSION = YES;
				CLANG_WARN_DEPRECATED_OBJC_IMPLEMENTATIONS = YES;
				CLANG_WARN_DIRECT_OBJC_ISA_USAGE = YES_ERROR;
				CLANG_WARN_DOCUMENTATION_COMMENTS = YES;
				CLANG_WARN_EMPTY_BODY = YES;
				CLANG_WARN_ENUM_CONVERSION = YES;
				CLANG_WARN_INFINITE_RECURSION = YES;
				CLANG_WARN_INT_CONVERSION = YES;
				CLANG_WARN_NON_LITERAL_NULL_CONVERSION = YES;
				CLANG_WARN_OBJC_IMPLICIT_RETAIN_SELF = YES;
				CLANG_WARN_OBJC_LITERAL_CONVERSION = YES;
				CLANG_WARN_OBJC_ROOT_CLASS = YES_ERROR;
				CLANG_WARN_QUOTED_INCLUDE_IN_FRAMEWORK_HEADER = YES;
				CLANG_WARN_RANGE_LOOP_ANALYSIS = YES;
				CLANG_WARN_STRICT_PROTOTYPES = YES;
				CLANG_WARN_SUSPICIOUS_MOVE = YES;
				CLANG_WARN_UNGUARDED_AVAILABILITY = YES_AGGRESSIVE;
				CLANG_WARN_UNREACHABLE_CODE = YES;
				CLANG_WARN__DUPLICATE_METHOD_MATCH = YES;
				COPY_PHASE_STRIP = NO;
				DEBUG_INFORMATION_FORMAT = dwarf;
				ENABLE_STRICT_OBJC_MSGSEND = YES;
				ENABLE_TESTABILITY = YES;
				GCC_C_LANGUAGE_STANDARD = gnu11;
				GCC_DYNAMIC_NO_PIC = NO;
				GCC_NO_COMMON_BLOCKS = YES;
				GCC_OPTIMIZATION_LEVEL = 0;
				GCC_PREPROCESSOR_DEFINITIONS = (
					"DEBUG=1",
					"$(inherited)",
				);
				GCC_WARN_64_TO_32_BIT_CONVERSION = YES;
				GCC_WARN_ABOUT_RETURN_TYPE = YES_ERROR;
				GCC_WARN_UNDECLARED_SELECTOR = YES;
				GCC_WARN_UNINITIALIZED_AUTOS = YES_AGGRESSIVE;
				GCC_WARN_UNUSED_FUNCTION = YES;
				GCC_WARN_UNUSED_VARIABLE = YES;
				IPHONEOS_DEPLOYMENT_TARGET = 14.0;
				MTL_ENABLE_DEBUG_INFO = INCLUDE_SOURCE;
				MTL_FAST_MATH = YES;
				ONLY_ACTIVE_ARCH = YES;
				SDKROOT = iphoneos;
				SWIFT_ACTIVE_COMPILATION_CONDITIONS = DEBUG;
				SWIFT_OPTIMIZATION_LEVEL = "-Onone";
			};
			name = Debug;
		};
		B0E0F84724A63E5A00C82828 /* Release */ = {
			isa = XCBuildConfiguration;
			buildSettings = {
				ALWAYS_SEARCH_USER_PATHS = NO;
				CLANG_ANALYZER_NONNULL = YES;
				CLANG_ANALYZER_NUMBER_OBJECT_CONVERSION = YES_AGGRESSIVE;
				CLANG_CXX_LANGUAGE_STANDARD = "gnu++14";
				CLANG_CXX_LIBRARY = "libc++";
				CLANG_ENABLE_MODULES = YES;
				CLANG_ENABLE_OBJC_ARC = YES;
				CLANG_ENABLE_OBJC_WEAK = YES;
				CLANG_WARN_BLOCK_CAPTURE_AUTORELEASING = YES;
				CLANG_WARN_BOOL_CONVERSION = YES;
				CLANG_WARN_COMMA = YES;
				CLANG_WARN_CONSTANT_CONVERSION = YES;
				CLANG_WARN_DEPRECATED_OBJC_IMPLEMENTATIONS = YES;
				CLANG_WARN_DIRECT_OBJC_ISA_USAGE = YES_ERROR;
				CLANG_WARN_DOCUMENTATION_COMMENTS = YES;
				CLANG_WARN_EMPTY_BODY = YES;
				CLANG_WARN_ENUM_CONVERSION = YES;
				CLANG_WARN_INFINITE_RECURSION = YES;
				CLANG_WARN_INT_CONVERSION = YES;
				CLANG_WARN_NON_LITERAL_NULL_CONVERSION = YES;
				CLANG_WARN_OBJC_IMPLICIT_RETAIN_SELF = YES;
				CLANG_WARN_OBJC_LITERAL_CONVERSION = YES;
				CLANG_WARN_OBJC_ROOT_CLASS = YES_ERROR;
				CLANG_WARN_QUOTED_INCLUDE_IN_FRAMEWORK_HEADER = YES;
				CLANG_WARN_RANGE_LOOP_ANALYSIS = YES;
				CLANG_WARN_STRICT_PROTOTYPES = YES;
				CLANG_WARN_SUSPICIOUS_MOVE = YES;
				CLANG_WARN_UNGUARDED_AVAILABILITY = YES_AGGRESSIVE;
				CLANG_WARN_UNREACHABLE_CODE = YES;
				CLANG_WARN__DUPLICATE_METHOD_MATCH = YES;
				COPY_PHASE_STRIP = NO;
				DEBUG_INFORMATION_FORMAT = "dwarf-with-dsym";
				ENABLE_NS_ASSERTIONS = NO;
				ENABLE_STRICT_OBJC_MSGSEND = YES;
				GCC_C_LANGUAGE_STANDARD = gnu11;
				GCC_NO_COMMON_BLOCKS = YES;
				GCC_WARN_64_TO_32_BIT_CONVERSION = YES;
				GCC_WARN_ABOUT_RETURN_TYPE = YES_ERROR;
				GCC_WARN_UNDECLARED_SELECTOR = YES;
				GCC_WARN_UNINITIALIZED_AUTOS = YES_AGGRESSIVE;
				GCC_WARN_UNUSED_FUNCTION = YES;
				GCC_WARN_UNUSED_VARIABLE = YES;
				IPHONEOS_DEPLOYMENT_TARGET = 14.0;
				MTL_ENABLE_DEBUG_INFO = NO;
				MTL_FAST_MATH = YES;
				SDKROOT = iphoneos;
				SWIFT_COMPILATION_MODE = wholemodule;
				SWIFT_OPTIMIZATION_LEVEL = "-O";
				VALIDATE_PRODUCT = YES;
			};
			name = Release;
		};
		B0E0F84924A63E5A00C82828 /* Debug */ = {
			isa = XCBuildConfiguration;
			baseConfigurationReference = 88841E0B0F47B91B56AC1E05 /* Pods-Strafen.debug.xcconfig */;
			buildSettings = {
				ALWAYS_EMBED_SWIFT_STANDARD_LIBRARIES = YES;
				ASSETCATALOG_COMPILER_APPICON_NAME = AppIcon;
				ASSETCATALOG_COMPILER_GLOBAL_ACCENT_COLOR_NAME = AccentColor;
				CODE_SIGN_ENTITLEMENTS = Strafen/Controller/Strafen.entitlements;
				CODE_SIGN_STYLE = Automatic;
				CURRENT_PROJECT_VERSION = 7;
				DEVELOPMENT_ASSET_PATHS = "\"Strafen/Controller/Preview Content\"";
				DEVELOPMENT_TEAM = K7NTJ83ZF8;
				ENABLE_PREVIEWS = YES;
				INFOPLIST_FILE = Strafen/Controller/Info.plist;
				IPHONEOS_DEPLOYMENT_TARGET = 14.0;
				LD_RUNPATH_SEARCH_PATHS = (
					"$(inherited)",
					"@executable_path/Frameworks",
				);
				PRODUCT_BUNDLE_IDENTIFIER = stevenkellner.Strafen;
				PRODUCT_NAME = "$(TARGET_NAME)";
				SWIFT_VERSION = 5.0;
				TARGETED_DEVICE_FAMILY = 1;
			};
			name = Debug;
		};
		B0E0F84A24A63E5A00C82828 /* Release */ = {
			isa = XCBuildConfiguration;
			baseConfigurationReference = E4A36A38D3FB33CF3F264FBB /* Pods-Strafen.release.xcconfig */;
			buildSettings = {
				ALWAYS_EMBED_SWIFT_STANDARD_LIBRARIES = YES;
				ASSETCATALOG_COMPILER_APPICON_NAME = AppIcon;
				ASSETCATALOG_COMPILER_GLOBAL_ACCENT_COLOR_NAME = AccentColor;
				CODE_SIGN_ENTITLEMENTS = Strafen/Controller/Strafen.entitlements;
				CODE_SIGN_STYLE = Automatic;
				CURRENT_PROJECT_VERSION = 7;
				DEVELOPMENT_ASSET_PATHS = "\"Strafen/Controller/Preview Content\"";
				DEVELOPMENT_TEAM = K7NTJ83ZF8;
				ENABLE_PREVIEWS = YES;
				INFOPLIST_FILE = Strafen/Controller/Info.plist;
				IPHONEOS_DEPLOYMENT_TARGET = 14.0;
				LD_RUNPATH_SEARCH_PATHS = (
					"$(inherited)",
					"@executable_path/Frameworks",
				);
				PRODUCT_BUNDLE_IDENTIFIER = stevenkellner.Strafen;
				PRODUCT_NAME = "$(TARGET_NAME)";
				SWIFT_VERSION = 5.0;
				TARGETED_DEVICE_FAMILY = 1;
			};
			name = Release;
		};
		B0E0F84C24A63E5A00C82828 /* Debug */ = {
			isa = XCBuildConfiguration;
			baseConfigurationReference = 9F648314F45F12CD67B093FF /* Pods-StrafenTests.debug.xcconfig */;
			buildSettings = {
				ALWAYS_EMBED_SWIFT_STANDARD_LIBRARIES = YES;
				BUNDLE_LOADER = "$(TEST_HOST)";
				CODE_SIGN_STYLE = Automatic;
				DEVELOPMENT_TEAM = K7NTJ83ZF8;
				INFOPLIST_FILE = StrafenTests/Info.plist;
				IPHONEOS_DEPLOYMENT_TARGET = 14.0;
				LD_RUNPATH_SEARCH_PATHS = (
					"$(inherited)",
					"@executable_path/Frameworks",
					"@loader_path/Frameworks",
				);
				PRODUCT_BUNDLE_IDENTIFIER = stevenkellner.StrafenTests;
				PRODUCT_NAME = "$(TARGET_NAME)";
				SWIFT_VERSION = 5.0;
				TARGETED_DEVICE_FAMILY = "1,2";
				TEST_HOST = "$(BUILT_PRODUCTS_DIR)/Strafen.app/Strafen";
			};
			name = Debug;
		};
		B0E0F84D24A63E5A00C82828 /* Release */ = {
			isa = XCBuildConfiguration;
			baseConfigurationReference = 78EB9FE447514E62AB69E4B9 /* Pods-StrafenTests.release.xcconfig */;
			buildSettings = {
				ALWAYS_EMBED_SWIFT_STANDARD_LIBRARIES = YES;
				BUNDLE_LOADER = "$(TEST_HOST)";
				CODE_SIGN_STYLE = Automatic;
				DEVELOPMENT_TEAM = K7NTJ83ZF8;
				INFOPLIST_FILE = StrafenTests/Info.plist;
				IPHONEOS_DEPLOYMENT_TARGET = 14.0;
				LD_RUNPATH_SEARCH_PATHS = (
					"$(inherited)",
					"@executable_path/Frameworks",
					"@loader_path/Frameworks",
				);
				PRODUCT_BUNDLE_IDENTIFIER = stevenkellner.StrafenTests;
				PRODUCT_NAME = "$(TARGET_NAME)";
				SWIFT_VERSION = 5.0;
				TARGETED_DEVICE_FAMILY = "1,2";
				TEST_HOST = "$(BUILT_PRODUCTS_DIR)/Strafen.app/Strafen";
			};
			name = Release;
		};
		B0E0F84F24A63E5A00C82828 /* Debug */ = {
			isa = XCBuildConfiguration;
			baseConfigurationReference = C48AEE77D98866AC072A2AD1 /* Pods-Strafen-StrafenUITests.debug.xcconfig */;
			buildSettings = {
				ALWAYS_EMBED_SWIFT_STANDARD_LIBRARIES = YES;
				CODE_SIGN_STYLE = Automatic;
				DEVELOPMENT_TEAM = K7NTJ83ZF8;
				INFOPLIST_FILE = StrafenUITests/Info.plist;
				LD_RUNPATH_SEARCH_PATHS = (
					"$(inherited)",
					"@executable_path/Frameworks",
					"@loader_path/Frameworks",
				);
				PRODUCT_BUNDLE_IDENTIFIER = stevenkellner.StrafenUITests;
				PRODUCT_NAME = "$(TARGET_NAME)";
				SWIFT_VERSION = 5.0;
				TARGETED_DEVICE_FAMILY = "1,2";
				TEST_TARGET_NAME = Strafen;
			};
			name = Debug;
		};
		B0E0F85024A63E5A00C82828 /* Release */ = {
			isa = XCBuildConfiguration;
			baseConfigurationReference = 4FB38E3F4411C19BC6E1867D /* Pods-Strafen-StrafenUITests.release.xcconfig */;
			buildSettings = {
				ALWAYS_EMBED_SWIFT_STANDARD_LIBRARIES = YES;
				CODE_SIGN_STYLE = Automatic;
				DEVELOPMENT_TEAM = K7NTJ83ZF8;
				INFOPLIST_FILE = StrafenUITests/Info.plist;
				LD_RUNPATH_SEARCH_PATHS = (
					"$(inherited)",
					"@executable_path/Frameworks",
					"@loader_path/Frameworks",
				);
				PRODUCT_BUNDLE_IDENTIFIER = stevenkellner.StrafenUITests;
				PRODUCT_NAME = "$(TARGET_NAME)";
				SWIFT_VERSION = 5.0;
				TARGETED_DEVICE_FAMILY = "1,2";
				TEST_TARGET_NAME = Strafen;
			};
			name = Release;
		};
/* End XCBuildConfiguration section */

/* Begin XCConfigurationList section */
		B077B58124CAC655003844CE /* Build configuration list for PBXNativeTarget "StrafenWidgetExtension" */ = {
			isa = XCConfigurationList;
			buildConfigurations = (
				B077B58224CAC655003844CE /* Debug */,
				B077B58324CAC655003844CE /* Release */,
			);
			defaultConfigurationIsVisible = 0;
			defaultConfigurationName = Release;
		};
		B0E0F81E24A63E5800C82828 /* Build configuration list for PBXProject "Strafen" */ = {
			isa = XCConfigurationList;
			buildConfigurations = (
				B0E0F84624A63E5A00C82828 /* Debug */,
				B0E0F84724A63E5A00C82828 /* Release */,
			);
			defaultConfigurationIsVisible = 0;
			defaultConfigurationName = Release;
		};
		B0E0F84824A63E5A00C82828 /* Build configuration list for PBXNativeTarget "Strafen" */ = {
			isa = XCConfigurationList;
			buildConfigurations = (
				B0E0F84924A63E5A00C82828 /* Debug */,
				B0E0F84A24A63E5A00C82828 /* Release */,
			);
			defaultConfigurationIsVisible = 0;
			defaultConfigurationName = Release;
		};
		B0E0F84B24A63E5A00C82828 /* Build configuration list for PBXNativeTarget "StrafenTests" */ = {
			isa = XCConfigurationList;
			buildConfigurations = (
				B0E0F84C24A63E5A00C82828 /* Debug */,
				B0E0F84D24A63E5A00C82828 /* Release */,
			);
			defaultConfigurationIsVisible = 0;
			defaultConfigurationName = Release;
		};
		B0E0F84E24A63E5A00C82828 /* Build configuration list for PBXNativeTarget "StrafenUITests" */ = {
			isa = XCConfigurationList;
			buildConfigurations = (
				B0E0F84F24A63E5A00C82828 /* Debug */,
				B0E0F85024A63E5A00C82828 /* Release */,
			);
			defaultConfigurationIsVisible = 0;
			defaultConfigurationName = Release;
		};
/* End XCConfigurationList section */
	};
	rootObject = B0E0F81B24A63E5800C82828 /* Project object */;
}
